// !$*UTF8*$!
{
	archiveVersion = 1;
	classes = {
	};
	objectVersion = 50;
	objects = {

/* Begin PBXBuildFile section */
		1A55142D269C240C002BD69B /* AppDelegate.m in Sources */ = {isa = PBXBuildFile; fileRef = 1A55142C269C240C002BD69B /* AppDelegate.m */; };
		1A551430269C240C002BD69B /* ViewController.m in Sources */ = {isa = PBXBuildFile; fileRef = 1A55142F269C240C002BD69B /* ViewController.m */; };
		1A551432269C240E002BD69B /* Assets.xcassets in Resources */ = {isa = PBXBuildFile; fileRef = 1A551431269C240E002BD69B /* Assets.xcassets */; };
		1A551435269C240E002BD69B /* Main.storyboard in Resources */ = {isa = PBXBuildFile; fileRef = 1A551433269C240E002BD69B /* Main.storyboard */; };
		1A551438269C240F002BD69B /* main.m in Sources */ = {isa = PBXBuildFile; fileRef = 1A551437269C240F002BD69B /* main.m */; };
		1A551462269D2595002BD69B /* AppDelegate.m in Sources */ = {isa = PBXBuildFile; fileRef = 1A551461269D2595002BD69B /* AppDelegate.m */; };
		1A551465269D2595002BD69B /* ViewController.m in Sources */ = {isa = PBXBuildFile; fileRef = 1A551464269D2595002BD69B /* ViewController.m */; };
		1A551467269D2598002BD69B /* Assets.xcassets in Resources */ = {isa = PBXBuildFile; fileRef = 1A551466269D2598002BD69B /* Assets.xcassets */; };
		1A55146A269D2598002BD69B /* Main.storyboard in Resources */ = {isa = PBXBuildFile; fileRef = 1A551468269D2598002BD69B /* Main.storyboard */; };
		1A55146D269D2598002BD69B /* main.m in Sources */ = {isa = PBXBuildFile; fileRef = 1A55146C269D2598002BD69B /* main.m */; };
		1A551491269D6379002BD69B /* iOS触摸事件处理 - 简书.pdf in Resources */ = {isa = PBXBuildFile; fileRef = 1A551490269D6379002BD69B /* iOS触摸事件处理 - 简书.pdf */; };
		1A551493269D6916002BD69B /* 主线程刷新UI.pdf in Resources */ = {isa = PBXBuildFile; fileRef = 1A551492269D6916002BD69B /* 主线程刷新UI.pdf */; };
		1A55149C269D6CAC002BD69B /* AppDelegate.m in Sources */ = {isa = PBXBuildFile; fileRef = 1A55149B269D6CAC002BD69B /* AppDelegate.m */; };
		1A55149F269D6CAC002BD69B /* ViewController.m in Sources */ = {isa = PBXBuildFile; fileRef = 1A55149E269D6CAC002BD69B /* ViewController.m */; };
		1A5514A1269D6CAF002BD69B /* Assets.xcassets in Resources */ = {isa = PBXBuildFile; fileRef = 1A5514A0269D6CAF002BD69B /* Assets.xcassets */; };
		1A5514A4269D6CAF002BD69B /* Main.storyboard in Resources */ = {isa = PBXBuildFile; fileRef = 1A5514A2269D6CAF002BD69B /* Main.storyboard */; };
		1A5514A7269D6CAF002BD69B /* main.m in Sources */ = {isa = PBXBuildFile; fileRef = 1A5514A6269D6CAF002BD69B /* main.m */; };
		1A5514AD269D6CB8002BD69B /* 多线程保活.pdf in Resources */ = {isa = PBXBuildFile; fileRef = 1A5514AC269D6CB8002BD69B /* 多线程保活.pdf */; };
		1A5514B0269D71E1002BD69B /* BFThread.m in Sources */ = {isa = PBXBuildFile; fileRef = 1A5514AF269D71E1002BD69B /* BFThread.m */; };
		1A5514B8269E732D002BD69B /* main.m in Sources */ = {isa = PBXBuildFile; fileRef = 1A5514B7269E732D002BD69B /* main.m */; };
		1A5514BE269E7339002BD69B /* Person.m in Sources */ = {isa = PBXBuildFile; fileRef = 1A5514BD269E7339002BD69B /* Person.m */; };
		1A5514C1269E7355002BD69B /* Person+A.m in Sources */ = {isa = PBXBuildFile; fileRef = 1A5514C0269E7355002BD69B /* Person+A.m */; };
		1A5514C4269E735E002BD69B /* Person+B.m in Sources */ = {isa = PBXBuildFile; fileRef = 1A5514C3269E735E002BD69B /* Person+B.m */; };
		1A5514C7269E7365002BD69B /* Person+C.m in Sources */ = {isa = PBXBuildFile; fileRef = 1A5514C6269E7365002BD69B /* Person+C.m */; };
		1A5514CA269E8B44002BD69B /* Son.m in Sources */ = {isa = PBXBuildFile; fileRef = 1A5514C9269E8B44002BD69B /* Son.m */; };
		1A5514CD269E8B67002BD69B /* Son+A.m in Sources */ = {isa = PBXBuildFile; fileRef = 1A5514CC269E8B67002BD69B /* Son+A.m */; };
		1A5514D0269E8B9C002BD69B /* Son+B.m in Sources */ = {isa = PBXBuildFile; fileRef = 1A5514CF269E8B9C002BD69B /* Son+B.m */; };
		1A5514D8269E9212002BD69B /* main.m in Sources */ = {isa = PBXBuildFile; fileRef = 1A5514D7269E9212002BD69B /* main.m */; };
		1AD162FD26A01F7C002634EE /* AppDelegate.m in Sources */ = {isa = PBXBuildFile; fileRef = 1AD162FC26A01F7C002634EE /* AppDelegate.m */; };
		1AD1630026A01F7C002634EE /* ViewController.m in Sources */ = {isa = PBXBuildFile; fileRef = 1AD162FF26A01F7C002634EE /* ViewController.m */; };
		1AD1630226A01F7E002634EE /* Assets.xcassets in Resources */ = {isa = PBXBuildFile; fileRef = 1AD1630126A01F7E002634EE /* Assets.xcassets */; };
		1AD1630526A01F7E002634EE /* Main.storyboard in Resources */ = {isa = PBXBuildFile; fileRef = 1AD1630326A01F7E002634EE /* Main.storyboard */; };
		1AD1630826A01F7E002634EE /* main.m in Sources */ = {isa = PBXBuildFile; fileRef = 1AD1630726A01F7E002634EE /* main.m */; };
		1AD1631426A1275D002634EE /* main.m in Sources */ = {isa = PBXBuildFile; fileRef = 1AD1631326A1275D002634EE /* main.m */; };
		1AD1633826A129F0002634EE /* AppDelegate.m in Sources */ = {isa = PBXBuildFile; fileRef = 1AD1633726A129F0002634EE /* AppDelegate.m */; };
		1AD1633B26A129F0002634EE /* SceneDelegate.m in Sources */ = {isa = PBXBuildFile; fileRef = 1AD1633A26A129F0002634EE /* SceneDelegate.m */; };
		1AD1633E26A129F0002634EE /* ViewController.m in Sources */ = {isa = PBXBuildFile; fileRef = 1AD1633D26A129F0002634EE /* ViewController.m */; };
		1AD1634126A129F0002634EE /* Main.storyboard in Resources */ = {isa = PBXBuildFile; fileRef = 1AD1633F26A129F0002634EE /* Main.storyboard */; };
		1AD1634326A129F0002634EE /* Assets.xcassets in Resources */ = {isa = PBXBuildFile; fileRef = 1AD1634226A129F0002634EE /* Assets.xcassets */; };
		1AD1634626A129F0002634EE /* LaunchScreen.storyboard in Resources */ = {isa = PBXBuildFile; fileRef = 1AD1634426A129F0002634EE /* LaunchScreen.storyboard */; };
		1AD1634926A129F0002634EE /* main.m in Sources */ = {isa = PBXBuildFile; fileRef = 1AD1634826A129F0002634EE /* main.m */; };
		1AD1635526A155AA002634EE /* AppDelegate.m in Sources */ = {isa = PBXBuildFile; fileRef = 1AD1635426A155AA002634EE /* AppDelegate.m */; };
		1AD1635826A155AA002634EE /* SceneDelegate.m in Sources */ = {isa = PBXBuildFile; fileRef = 1AD1635726A155AA002634EE /* SceneDelegate.m */; };
		1AD1635B26A155AA002634EE /* ViewController.m in Sources */ = {isa = PBXBuildFile; fileRef = 1AD1635A26A155AA002634EE /* ViewController.m */; };
		1AD1635E26A155AA002634EE /* Main.storyboard in Resources */ = {isa = PBXBuildFile; fileRef = 1AD1635C26A155AA002634EE /* Main.storyboard */; };
		1AD1636026A155AC002634EE /* Assets.xcassets in Resources */ = {isa = PBXBuildFile; fileRef = 1AD1635F26A155AC002634EE /* Assets.xcassets */; };
		1AD1636326A155AC002634EE /* LaunchScreen.storyboard in Resources */ = {isa = PBXBuildFile; fileRef = 1AD1636126A155AC002634EE /* LaunchScreen.storyboard */; };
		1AD1636626A155AC002634EE /* main.m in Sources */ = {isa = PBXBuildFile; fileRef = 1AD1636526A155AC002634EE /* main.m */; };
		1AD1636C26A155CC002634EE /* BFView.m in Sources */ = {isa = PBXBuildFile; fileRef = 1AD1636B26A155CC002634EE /* BFView.m */; };
		1AD1636F26A15794002634EE /* BFNextResponder.m in Sources */ = {isa = PBXBuildFile; fileRef = 1AD1636E26A15794002634EE /* BFNextResponder.m */; };
		1AD1637226A16206002634EE /* UIApplication+Send.m in Sources */ = {isa = PBXBuildFile; fileRef = 1AD1637126A16206002634EE /* UIApplication+Send.m */; };
		1AD1637526A162FC002634EE /* UIWindow+Send.m in Sources */ = {isa = PBXBuildFile; fileRef = 1AD1637426A162FC002634EE /* UIWindow+Send.m */; };
		1AD1637E26A164CB002634EE /* AppDelegate.m in Sources */ = {isa = PBXBuildFile; fileRef = 1AD1637D26A164CB002634EE /* AppDelegate.m */; };
		1AD1638126A164CB002634EE /* SceneDelegate.m in Sources */ = {isa = PBXBuildFile; fileRef = 1AD1638026A164CB002634EE /* SceneDelegate.m */; };
		1AD1638426A164CB002634EE /* ViewController.m in Sources */ = {isa = PBXBuildFile; fileRef = 1AD1638326A164CB002634EE /* ViewController.m */; };
		1AD1638726A164CB002634EE /* Main.storyboard in Resources */ = {isa = PBXBuildFile; fileRef = 1AD1638526A164CB002634EE /* Main.storyboard */; };
		1AD1638926A164CD002634EE /* Assets.xcassets in Resources */ = {isa = PBXBuildFile; fileRef = 1AD1638826A164CD002634EE /* Assets.xcassets */; };
		1AD1638C26A164CD002634EE /* LaunchScreen.storyboard in Resources */ = {isa = PBXBuildFile; fileRef = 1AD1638A26A164CD002634EE /* LaunchScreen.storyboard */; };
		1AD1638F26A164CD002634EE /* main.m in Sources */ = {isa = PBXBuildFile; fileRef = 1AD1638E26A164CD002634EE /* main.m */; };
		1AD1639526A164E7002634EE /* AView.m in Sources */ = {isa = PBXBuildFile; fileRef = 1AD1639426A164E7002634EE /* AView.m */; };
		1AD1639D26A1863A002634EE /* main.cpp in Sources */ = {isa = PBXBuildFile; fileRef = 1AD1639C26A1863A002634EE /* main.cpp */; };
		1AE15A5D269C21D0009EE04E /* main.m in Sources */ = {isa = PBXBuildFile; fileRef = 1AE15A5C269C21D0009EE04E /* main.m */; };
/* End PBXBuildFile section */

/* Begin PBXCopyFilesBuildPhase section */
		1A5514B3269E732D002BD69B /* CopyFiles */ = {
			isa = PBXCopyFilesBuildPhase;
			buildActionMask = 2147483647;
			dstPath = /usr/share/man/man1/;
			dstSubfolderSpec = 0;
			files = (
			);
			runOnlyForDeploymentPostprocessing = 1;
		};
		1A5514D3269E9212002BD69B /* CopyFiles */ = {
			isa = PBXCopyFilesBuildPhase;
			buildActionMask = 2147483647;
			dstPath = /usr/share/man/man1/;
			dstSubfolderSpec = 0;
			files = (
			);
			runOnlyForDeploymentPostprocessing = 1;
		};
		1AD1630F26A1275D002634EE /* CopyFiles */ = {
			isa = PBXCopyFilesBuildPhase;
			buildActionMask = 2147483647;
			dstPath = /usr/share/man/man1/;
			dstSubfolderSpec = 0;
			files = (
			);
			runOnlyForDeploymentPostprocessing = 1;
		};
		1AD1639826A1863A002634EE /* CopyFiles */ = {
			isa = PBXCopyFilesBuildPhase;
			buildActionMask = 2147483647;
			dstPath = /usr/share/man/man1/;
			dstSubfolderSpec = 0;
			files = (
			);
			runOnlyForDeploymentPostprocessing = 1;
		};
		1AE15A57269C21D0009EE04E /* CopyFiles */ = {
			isa = PBXCopyFilesBuildPhase;
			buildActionMask = 2147483647;
			dstPath = /usr/share/man/man1/;
			dstSubfolderSpec = 0;
			files = (
			);
			runOnlyForDeploymentPostprocessing = 1;
		};
/* End PBXCopyFilesBuildPhase section */

/* Begin PBXFileReference section */
		1A551429269C240C002BD69B /* GCDTest.app */ = {isa = PBXFileReference; explicitFileType = wrapper.application; includeInIndex = 0; path = GCDTest.app; sourceTree = BUILT_PRODUCTS_DIR; };
		1A55142B269C240C002BD69B /* AppDelegate.h */ = {isa = PBXFileReference; lastKnownFileType = sourcecode.c.h; path = AppDelegate.h; sourceTree = "<group>"; };
		1A55142C269C240C002BD69B /* AppDelegate.m */ = {isa = PBXFileReference; lastKnownFileType = sourcecode.c.objc; path = AppDelegate.m; sourceTree = "<group>"; };
		1A55142E269C240C002BD69B /* ViewController.h */ = {isa = PBXFileReference; lastKnownFileType = sourcecode.c.h; path = ViewController.h; sourceTree = "<group>"; };
		1A55142F269C240C002BD69B /* ViewController.m */ = {isa = PBXFileReference; lastKnownFileType = sourcecode.c.objc; path = ViewController.m; sourceTree = "<group>"; };
		1A551431269C240E002BD69B /* Assets.xcassets */ = {isa = PBXFileReference; lastKnownFileType = folder.assetcatalog; path = Assets.xcassets; sourceTree = "<group>"; };
		1A551434269C240E002BD69B /* Base */ = {isa = PBXFileReference; lastKnownFileType = file.storyboard; name = Base; path = Base.lproj/Main.storyboard; sourceTree = "<group>"; };
		1A551436269C240F002BD69B /* Info.plist */ = {isa = PBXFileReference; lastKnownFileType = text.plist.xml; path = Info.plist; sourceTree = "<group>"; };
		1A551437269C240F002BD69B /* main.m */ = {isa = PBXFileReference; lastKnownFileType = sourcecode.c.objc; path = main.m; sourceTree = "<group>"; };
		1A551439269C240F002BD69B /* GCDTest.entitlements */ = {isa = PBXFileReference; lastKnownFileType = text.plist.entitlements; path = GCDTest.entitlements; sourceTree = "<group>"; };
		1A551459269C38D8002BD69B /* ViewController+BBQ.h */ = {isa = PBXFileReference; lastKnownFileType = sourcecode.c.h; path = "ViewController+BBQ.h"; sourceTree = "<group>"; };
		1A55145E269D2595002BD69B /* 运行时测试.app */ = {isa = PBXFileReference; explicitFileType = wrapper.application; includeInIndex = 0; path = "运行时测试.app"; sourceTree = BUILT_PRODUCTS_DIR; };
		1A551460269D2595002BD69B /* AppDelegate.h */ = {isa = PBXFileReference; lastKnownFileType = sourcecode.c.h; path = AppDelegate.h; sourceTree = "<group>"; };
		1A551461269D2595002BD69B /* AppDelegate.m */ = {isa = PBXFileReference; lastKnownFileType = sourcecode.c.objc; path = AppDelegate.m; sourceTree = "<group>"; };
		1A551463269D2595002BD69B /* ViewController.h */ = {isa = PBXFileReference; lastKnownFileType = sourcecode.c.h; path = ViewController.h; sourceTree = "<group>"; };
		1A551464269D2595002BD69B /* ViewController.m */ = {isa = PBXFileReference; lastKnownFileType = sourcecode.c.objc; path = ViewController.m; sourceTree = "<group>"; };
		1A551466269D2598002BD69B /* Assets.xcassets */ = {isa = PBXFileReference; lastKnownFileType = folder.assetcatalog; path = Assets.xcassets; sourceTree = "<group>"; };
		1A551469269D2598002BD69B /* Base */ = {isa = PBXFileReference; lastKnownFileType = file.storyboard; name = Base; path = Base.lproj/Main.storyboard; sourceTree = "<group>"; };
		1A55146B269D2598002BD69B /* Info.plist */ = {isa = PBXFileReference; lastKnownFileType = text.plist.xml; path = Info.plist; sourceTree = "<group>"; };
		1A55146C269D2598002BD69B /* main.m */ = {isa = PBXFileReference; lastKnownFileType = sourcecode.c.objc; path = main.m; sourceTree = "<group>"; };
		1A55146E269D2598002BD69B /* _____.entitlements */ = {isa = PBXFileReference; lastKnownFileType = text.plist.entitlements; path = "_____.entitlements"; sourceTree = "<group>"; };
		1A551490269D6379002BD69B /* iOS触摸事件处理 - 简书.pdf */ = {isa = PBXFileReference; lastKnownFileType = image.pdf; path = "iOS触摸事件处理 - 简书.pdf"; sourceTree = "<group>"; };
		1A551492269D6916002BD69B /* 主线程刷新UI.pdf */ = {isa = PBXFileReference; lastKnownFileType = image.pdf; path = "主线程刷新UI.pdf"; sourceTree = "<group>"; };
		1A551498269D6CAC002BD69B /* 多线程保活.app */ = {isa = PBXFileReference; explicitFileType = wrapper.application; includeInIndex = 0; path = "多线程保活.app"; sourceTree = BUILT_PRODUCTS_DIR; };
		1A55149A269D6CAC002BD69B /* AppDelegate.h */ = {isa = PBXFileReference; lastKnownFileType = sourcecode.c.h; path = AppDelegate.h; sourceTree = "<group>"; };
		1A55149B269D6CAC002BD69B /* AppDelegate.m */ = {isa = PBXFileReference; lastKnownFileType = sourcecode.c.objc; path = AppDelegate.m; sourceTree = "<group>"; };
		1A55149D269D6CAC002BD69B /* ViewController.h */ = {isa = PBXFileReference; lastKnownFileType = sourcecode.c.h; path = ViewController.h; sourceTree = "<group>"; };
		1A55149E269D6CAC002BD69B /* ViewController.m */ = {isa = PBXFileReference; lastKnownFileType = sourcecode.c.objc; path = ViewController.m; sourceTree = "<group>"; };
		1A5514A0269D6CAF002BD69B /* Assets.xcassets */ = {isa = PBXFileReference; lastKnownFileType = folder.assetcatalog; path = Assets.xcassets; sourceTree = "<group>"; };
		1A5514A3269D6CAF002BD69B /* Base */ = {isa = PBXFileReference; lastKnownFileType = file.storyboard; name = Base; path = Base.lproj/Main.storyboard; sourceTree = "<group>"; };
		1A5514A5269D6CAF002BD69B /* Info.plist */ = {isa = PBXFileReference; lastKnownFileType = text.plist.xml; path = Info.plist; sourceTree = "<group>"; };
		1A5514A6269D6CAF002BD69B /* main.m */ = {isa = PBXFileReference; lastKnownFileType = sourcecode.c.objc; path = main.m; sourceTree = "<group>"; };
		1A5514A8269D6CAF002BD69B /* _____.entitlements */ = {isa = PBXFileReference; lastKnownFileType = text.plist.entitlements; path = "_____.entitlements"; sourceTree = "<group>"; };
		1A5514AC269D6CB8002BD69B /* 多线程保活.pdf */ = {isa = PBXFileReference; lastKnownFileType = image.pdf; path = "多线程保活.pdf"; sourceTree = "<group>"; };
		1A5514AE269D71E1002BD69B /* BFThread.h */ = {isa = PBXFileReference; lastKnownFileType = sourcecode.c.h; path = BFThread.h; sourceTree = "<group>"; };
		1A5514AF269D71E1002BD69B /* BFThread.m */ = {isa = PBXFileReference; lastKnownFileType = sourcecode.c.objc; path = BFThread.m; sourceTree = "<group>"; };
		1A5514B5269E732D002BD69B /* LoadPerson */ = {isa = PBXFileReference; explicitFileType = "compiled.mach-o.executable"; includeInIndex = 0; path = LoadPerson; sourceTree = BUILT_PRODUCTS_DIR; };
		1A5514B7269E732D002BD69B /* main.m */ = {isa = PBXFileReference; lastKnownFileType = sourcecode.c.objc; path = main.m; sourceTree = "<group>"; };
		1A5514BC269E7339002BD69B /* Person.h */ = {isa = PBXFileReference; lastKnownFileType = sourcecode.c.h; path = Person.h; sourceTree = "<group>"; };
		1A5514BD269E7339002BD69B /* Person.m */ = {isa = PBXFileReference; lastKnownFileType = sourcecode.c.objc; path = Person.m; sourceTree = "<group>"; };
		1A5514BF269E7355002BD69B /* Person+A.h */ = {isa = PBXFileReference; lastKnownFileType = sourcecode.c.h; path = "Person+A.h"; sourceTree = "<group>"; };
		1A5514C0269E7355002BD69B /* Person+A.m */ = {isa = PBXFileReference; lastKnownFileType = sourcecode.c.objc; path = "Person+A.m"; sourceTree = "<group>"; };
		1A5514C2269E735E002BD69B /* Person+B.h */ = {isa = PBXFileReference; lastKnownFileType = sourcecode.c.h; path = "Person+B.h"; sourceTree = "<group>"; };
		1A5514C3269E735E002BD69B /* Person+B.m */ = {isa = PBXFileReference; lastKnownFileType = sourcecode.c.objc; path = "Person+B.m"; sourceTree = "<group>"; };
		1A5514C5269E7365002BD69B /* Person+C.h */ = {isa = PBXFileReference; lastKnownFileType = sourcecode.c.h; path = "Person+C.h"; sourceTree = "<group>"; };
		1A5514C6269E7365002BD69B /* Person+C.m */ = {isa = PBXFileReference; lastKnownFileType = sourcecode.c.objc; path = "Person+C.m"; sourceTree = "<group>"; };
		1A5514C8269E8B44002BD69B /* Son.h */ = {isa = PBXFileReference; lastKnownFileType = sourcecode.c.h; path = Son.h; sourceTree = "<group>"; };
		1A5514C9269E8B44002BD69B /* Son.m */ = {isa = PBXFileReference; lastKnownFileType = sourcecode.c.objc; path = Son.m; sourceTree = "<group>"; };
		1A5514CB269E8B67002BD69B /* Son+A.h */ = {isa = PBXFileReference; lastKnownFileType = sourcecode.c.h; path = "Son+A.h"; sourceTree = "<group>"; };
		1A5514CC269E8B67002BD69B /* Son+A.m */ = {isa = PBXFileReference; lastKnownFileType = sourcecode.c.objc; path = "Son+A.m"; sourceTree = "<group>"; };
		1A5514CE269E8B9C002BD69B /* Son+B.h */ = {isa = PBXFileReference; lastKnownFileType = sourcecode.c.h; path = "Son+B.h"; sourceTree = "<group>"; };
		1A5514CF269E8B9C002BD69B /* Son+B.m */ = {isa = PBXFileReference; lastKnownFileType = sourcecode.c.objc; path = "Son+B.m"; sourceTree = "<group>"; };
		1A5514D5269E9212002BD69B /* 弱引用测试 */ = {isa = PBXFileReference; explicitFileType = "compiled.mach-o.executable"; includeInIndex = 0; path = "弱引用测试"; sourceTree = BUILT_PRODUCTS_DIR; };
		1A5514D7269E9212002BD69B /* main.m */ = {isa = PBXFileReference; lastKnownFileType = sourcecode.c.objc; path = main.m; sourceTree = "<group>"; };
		1AD162F926A01F7C002634EE /* 死锁测试.app */ = {isa = PBXFileReference; explicitFileType = wrapper.application; includeInIndex = 0; path = "死锁测试.app"; sourceTree = BUILT_PRODUCTS_DIR; };
		1AD162FB26A01F7C002634EE /* AppDelegate.h */ = {isa = PBXFileReference; lastKnownFileType = sourcecode.c.h; path = AppDelegate.h; sourceTree = "<group>"; };
		1AD162FC26A01F7C002634EE /* AppDelegate.m */ = {isa = PBXFileReference; lastKnownFileType = sourcecode.c.objc; path = AppDelegate.m; sourceTree = "<group>"; };
		1AD162FE26A01F7C002634EE /* ViewController.h */ = {isa = PBXFileReference; lastKnownFileType = sourcecode.c.h; path = ViewController.h; sourceTree = "<group>"; };
		1AD162FF26A01F7C002634EE /* ViewController.m */ = {isa = PBXFileReference; lastKnownFileType = sourcecode.c.objc; path = ViewController.m; sourceTree = "<group>"; };
		1AD1630126A01F7E002634EE /* Assets.xcassets */ = {isa = PBXFileReference; lastKnownFileType = folder.assetcatalog; path = Assets.xcassets; sourceTree = "<group>"; };
		1AD1630426A01F7E002634EE /* Base */ = {isa = PBXFileReference; lastKnownFileType = file.storyboard; name = Base; path = Base.lproj/Main.storyboard; sourceTree = "<group>"; };
		1AD1630626A01F7E002634EE /* Info.plist */ = {isa = PBXFileReference; lastKnownFileType = text.plist.xml; path = Info.plist; sourceTree = "<group>"; };
		1AD1630726A01F7E002634EE /* main.m */ = {isa = PBXFileReference; lastKnownFileType = sourcecode.c.objc; path = main.m; sourceTree = "<group>"; };
		1AD1630926A01F7E002634EE /* ____.entitlements */ = {isa = PBXFileReference; lastKnownFileType = text.plist.entitlements; path = "____.entitlements"; sourceTree = "<group>"; };
		1AD1631126A1275D002634EE /* NSOpreatequeue测试 */ = {isa = PBXFileReference; explicitFileType = "compiled.mach-o.executable"; includeInIndex = 0; path = "NSOpreatequeue测试"; sourceTree = BUILT_PRODUCTS_DIR; };
		1AD1631326A1275D002634EE /* main.m */ = {isa = PBXFileReference; lastKnownFileType = sourcecode.c.objc; path = main.m; sourceTree = "<group>"; };
		1AD1631E26A1285A002634EE /* AppDelegate.h */ = {isa = PBXFileReference; lastKnownFileType = sourcecode.c.h; path = AppDelegate.h; sourceTree = "<group>"; };
		1AD1631F26A1285A002634EE /* AppDelegate.m */ = {isa = PBXFileReference; lastKnownFileType = sourcecode.c.objc; path = AppDelegate.m; sourceTree = "<group>"; };
		1AD1632126A1285A002634EE /* ViewController.h */ = {isa = PBXFileReference; lastKnownFileType = sourcecode.c.h; path = ViewController.h; sourceTree = "<group>"; };
		1AD1632226A1285A002634EE /* ViewController.m */ = {isa = PBXFileReference; lastKnownFileType = sourcecode.c.objc; path = ViewController.m; sourceTree = "<group>"; };
		1AD1632426A1285B002634EE /* Assets.xcassets */ = {isa = PBXFileReference; lastKnownFileType = folder.assetcatalog; path = Assets.xcassets; sourceTree = "<group>"; };
		1AD1632726A1285B002634EE /* Base */ = {isa = PBXFileReference; lastKnownFileType = file.storyboard; name = Base; path = Base.lproj/Main.storyboard; sourceTree = "<group>"; };
		1AD1632926A1285B002634EE /* Info.plist */ = {isa = PBXFileReference; lastKnownFileType = text.plist.xml; path = Info.plist; sourceTree = "<group>"; };
		1AD1632A26A1285B002634EE /* main.m */ = {isa = PBXFileReference; lastKnownFileType = sourcecode.c.objc; path = main.m; sourceTree = "<group>"; };
		1AD1632C26A1285B002634EE /* _____.entitlements */ = {isa = PBXFileReference; lastKnownFileType = text.plist.entitlements; path = "_____.entitlements"; sourceTree = "<group>"; };
		1AD1633426A129F0002634EE /* 三种计时器.app */ = {isa = PBXFileReference; explicitFileType = wrapper.application; includeInIndex = 0; path = "三种计时器.app"; sourceTree = BUILT_PRODUCTS_DIR; };
		1AD1633626A129F0002634EE /* AppDelegate.h */ = {isa = PBXFileReference; lastKnownFileType = sourcecode.c.h; path = AppDelegate.h; sourceTree = "<group>"; };
		1AD1633726A129F0002634EE /* AppDelegate.m */ = {isa = PBXFileReference; lastKnownFileType = sourcecode.c.objc; path = AppDelegate.m; sourceTree = "<group>"; };
		1AD1633926A129F0002634EE /* SceneDelegate.h */ = {isa = PBXFileReference; lastKnownFileType = sourcecode.c.h; path = SceneDelegate.h; sourceTree = "<group>"; };
		1AD1633A26A129F0002634EE /* SceneDelegate.m */ = {isa = PBXFileReference; lastKnownFileType = sourcecode.c.objc; path = SceneDelegate.m; sourceTree = "<group>"; };
		1AD1633C26A129F0002634EE /* ViewController.h */ = {isa = PBXFileReference; lastKnownFileType = sourcecode.c.h; path = ViewController.h; sourceTree = "<group>"; };
		1AD1633D26A129F0002634EE /* ViewController.m */ = {isa = PBXFileReference; lastKnownFileType = sourcecode.c.objc; path = ViewController.m; sourceTree = "<group>"; };
		1AD1634026A129F0002634EE /* Base */ = {isa = PBXFileReference; lastKnownFileType = file.storyboard; name = Base; path = Base.lproj/Main.storyboard; sourceTree = "<group>"; };
		1AD1634226A129F0002634EE /* Assets.xcassets */ = {isa = PBXFileReference; lastKnownFileType = folder.assetcatalog; path = Assets.xcassets; sourceTree = "<group>"; };
		1AD1634526A129F0002634EE /* Base */ = {isa = PBXFileReference; lastKnownFileType = file.storyboard; name = Base; path = Base.lproj/LaunchScreen.storyboard; sourceTree = "<group>"; };
		1AD1634726A129F0002634EE /* Info.plist */ = {isa = PBXFileReference; lastKnownFileType = text.plist.xml; path = Info.plist; sourceTree = "<group>"; };
		1AD1634826A129F0002634EE /* main.m */ = {isa = PBXFileReference; lastKnownFileType = sourcecode.c.objc; path = main.m; sourceTree = "<group>"; };
		1AD1635126A155A9002634EE /* 响应链.app */ = {isa = PBXFileReference; explicitFileType = wrapper.application; includeInIndex = 0; path = "响应链.app"; sourceTree = BUILT_PRODUCTS_DIR; };
		1AD1635326A155AA002634EE /* AppDelegate.h */ = {isa = PBXFileReference; lastKnownFileType = sourcecode.c.h; path = AppDelegate.h; sourceTree = "<group>"; };
		1AD1635426A155AA002634EE /* AppDelegate.m */ = {isa = PBXFileReference; lastKnownFileType = sourcecode.c.objc; path = AppDelegate.m; sourceTree = "<group>"; };
		1AD1635626A155AA002634EE /* SceneDelegate.h */ = {isa = PBXFileReference; lastKnownFileType = sourcecode.c.h; path = SceneDelegate.h; sourceTree = "<group>"; };
		1AD1635726A155AA002634EE /* SceneDelegate.m */ = {isa = PBXFileReference; lastKnownFileType = sourcecode.c.objc; path = SceneDelegate.m; sourceTree = "<group>"; };
		1AD1635926A155AA002634EE /* ViewController.h */ = {isa = PBXFileReference; lastKnownFileType = sourcecode.c.h; path = ViewController.h; sourceTree = "<group>"; };
		1AD1635A26A155AA002634EE /* ViewController.m */ = {isa = PBXFileReference; lastKnownFileType = sourcecode.c.objc; path = ViewController.m; sourceTree = "<group>"; };
		1AD1635D26A155AA002634EE /* Base */ = {isa = PBXFileReference; lastKnownFileType = file.storyboard; name = Base; path = Base.lproj/Main.storyboard; sourceTree = "<group>"; };
		1AD1635F26A155AC002634EE /* Assets.xcassets */ = {isa = PBXFileReference; lastKnownFileType = folder.assetcatalog; path = Assets.xcassets; sourceTree = "<group>"; };
		1AD1636226A155AC002634EE /* Base */ = {isa = PBXFileReference; lastKnownFileType = file.storyboard; name = Base; path = Base.lproj/LaunchScreen.storyboard; sourceTree = "<group>"; };
		1AD1636426A155AC002634EE /* Info.plist */ = {isa = PBXFileReference; lastKnownFileType = text.plist.xml; path = Info.plist; sourceTree = "<group>"; };
		1AD1636526A155AC002634EE /* main.m */ = {isa = PBXFileReference; lastKnownFileType = sourcecode.c.objc; path = main.m; sourceTree = "<group>"; };
		1AD1636A26A155CC002634EE /* BFView.h */ = {isa = PBXFileReference; lastKnownFileType = sourcecode.c.h; path = BFView.h; sourceTree = "<group>"; };
		1AD1636B26A155CC002634EE /* BFView.m */ = {isa = PBXFileReference; lastKnownFileType = sourcecode.c.objc; path = BFView.m; sourceTree = "<group>"; };
		1AD1636D26A15794002634EE /* BFNextResponder.h */ = {isa = PBXFileReference; lastKnownFileType = sourcecode.c.h; path = BFNextResponder.h; sourceTree = "<group>"; };
		1AD1636E26A15794002634EE /* BFNextResponder.m */ = {isa = PBXFileReference; lastKnownFileType = sourcecode.c.objc; path = BFNextResponder.m; sourceTree = "<group>"; };
		1AD1637026A16206002634EE /* UIApplication+Send.h */ = {isa = PBXFileReference; lastKnownFileType = sourcecode.c.h; path = "UIApplication+Send.h"; sourceTree = "<group>"; };
		1AD1637126A16206002634EE /* UIApplication+Send.m */ = {isa = PBXFileReference; lastKnownFileType = sourcecode.c.objc; path = "UIApplication+Send.m"; sourceTree = "<group>"; };
		1AD1637326A162FC002634EE /* UIWindow+Send.h */ = {isa = PBXFileReference; lastKnownFileType = sourcecode.c.h; path = "UIWindow+Send.h"; sourceTree = "<group>"; };
		1AD1637426A162FC002634EE /* UIWindow+Send.m */ = {isa = PBXFileReference; lastKnownFileType = sourcecode.c.objc; path = "UIWindow+Send.m"; sourceTree = "<group>"; };
		1AD1637A26A164CB002634EE /* 界面布局测试.app */ = {isa = PBXFileReference; explicitFileType = wrapper.application; includeInIndex = 0; path = "界面布局测试.app"; sourceTree = BUILT_PRODUCTS_DIR; };
		1AD1637C26A164CB002634EE /* AppDelegate.h */ = {isa = PBXFileReference; lastKnownFileType = sourcecode.c.h; path = AppDelegate.h; sourceTree = "<group>"; };
		1AD1637D26A164CB002634EE /* AppDelegate.m */ = {isa = PBXFileReference; lastKnownFileType = sourcecode.c.objc; path = AppDelegate.m; sourceTree = "<group>"; };
		1AD1637F26A164CB002634EE /* SceneDelegate.h */ = {isa = PBXFileReference; lastKnownFileType = sourcecode.c.h; path = SceneDelegate.h; sourceTree = "<group>"; };
		1AD1638026A164CB002634EE /* SceneDelegate.m */ = {isa = PBXFileReference; lastKnownFileType = sourcecode.c.objc; path = SceneDelegate.m; sourceTree = "<group>"; };
		1AD1638226A164CB002634EE /* ViewController.h */ = {isa = PBXFileReference; lastKnownFileType = sourcecode.c.h; path = ViewController.h; sourceTree = "<group>"; };
		1AD1638326A164CB002634EE /* ViewController.m */ = {isa = PBXFileReference; lastKnownFileType = sourcecode.c.objc; path = ViewController.m; sourceTree = "<group>"; };
		1AD1638626A164CB002634EE /* Base */ = {isa = PBXFileReference; lastKnownFileType = file.storyboard; name = Base; path = Base.lproj/Main.storyboard; sourceTree = "<group>"; };
		1AD1638826A164CD002634EE /* Assets.xcassets */ = {isa = PBXFileReference; lastKnownFileType = folder.assetcatalog; path = Assets.xcassets; sourceTree = "<group>"; };
		1AD1638B26A164CD002634EE /* Base */ = {isa = PBXFileReference; lastKnownFileType = file.storyboard; name = Base; path = Base.lproj/LaunchScreen.storyboard; sourceTree = "<group>"; };
		1AD1638D26A164CD002634EE /* Info.plist */ = {isa = PBXFileReference; lastKnownFileType = text.plist.xml; path = Info.plist; sourceTree = "<group>"; };
		1AD1638E26A164CD002634EE /* main.m */ = {isa = PBXFileReference; lastKnownFileType = sourcecode.c.objc; path = main.m; sourceTree = "<group>"; };
		1AD1639326A164E7002634EE /* AView.h */ = {isa = PBXFileReference; lastKnownFileType = sourcecode.c.h; path = AView.h; sourceTree = "<group>"; };
		1AD1639426A164E7002634EE /* AView.m */ = {isa = PBXFileReference; lastKnownFileType = sourcecode.c.objc; path = AView.m; sourceTree = "<group>"; };
		1AD1639A26A1863A002634EE /* 多继承测试 */ = {isa = PBXFileReference; explicitFileType = "compiled.mach-o.executable"; includeInIndex = 0; path = "多继承测试"; sourceTree = BUILT_PRODUCTS_DIR; };
		1AD1639C26A1863A002634EE /* main.cpp */ = {isa = PBXFileReference; lastKnownFileType = sourcecode.cpp.cpp; path = main.cpp; sourceTree = "<group>"; };
		1AE15A59269C21D0009EE04E /* 面试测试 */ = {isa = PBXFileReference; explicitFileType = "compiled.mach-o.executable"; includeInIndex = 0; path = "面试测试"; sourceTree = BUILT_PRODUCTS_DIR; };
		1AE15A5C269C21D0009EE04E /* main.m */ = {isa = PBXFileReference; lastKnownFileType = sourcecode.c.objc; path = main.m; sourceTree = "<group>"; };
/* End PBXFileReference section */

/* Begin PBXFrameworksBuildPhase section */
		1A551426269C240C002BD69B /* Frameworks */ = {
			isa = PBXFrameworksBuildPhase;
			buildActionMask = 2147483647;
			files = (
			);
			runOnlyForDeploymentPostprocessing = 0;
		};
		1A55145B269D2595002BD69B /* Frameworks */ = {
			isa = PBXFrameworksBuildPhase;
			buildActionMask = 2147483647;
			files = (
			);
			runOnlyForDeploymentPostprocessing = 0;
		};
		1A551495269D6CAC002BD69B /* Frameworks */ = {
			isa = PBXFrameworksBuildPhase;
			buildActionMask = 2147483647;
			files = (
			);
			runOnlyForDeploymentPostprocessing = 0;
		};
		1A5514B2269E732D002BD69B /* Frameworks */ = {
			isa = PBXFrameworksBuildPhase;
			buildActionMask = 2147483647;
			files = (
			);
			runOnlyForDeploymentPostprocessing = 0;
		};
		1A5514D2269E9212002BD69B /* Frameworks */ = {
			isa = PBXFrameworksBuildPhase;
			buildActionMask = 2147483647;
			files = (
			);
			runOnlyForDeploymentPostprocessing = 0;
		};
		1AD162F626A01F7C002634EE /* Frameworks */ = {
			isa = PBXFrameworksBuildPhase;
			buildActionMask = 2147483647;
			files = (
			);
			runOnlyForDeploymentPostprocessing = 0;
		};
		1AD1630E26A1275D002634EE /* Frameworks */ = {
			isa = PBXFrameworksBuildPhase;
			buildActionMask = 2147483647;
			files = (
			);
			runOnlyForDeploymentPostprocessing = 0;
		};
		1AD1633126A129F0002634EE /* Frameworks */ = {
			isa = PBXFrameworksBuildPhase;
			buildActionMask = 2147483647;
			files = (
			);
			runOnlyForDeploymentPostprocessing = 0;
		};
		1AD1634E26A155A9002634EE /* Frameworks */ = {
			isa = PBXFrameworksBuildPhase;
			buildActionMask = 2147483647;
			files = (
			);
			runOnlyForDeploymentPostprocessing = 0;
		};
		1AD1637726A164CB002634EE /* Frameworks */ = {
			isa = PBXFrameworksBuildPhase;
			buildActionMask = 2147483647;
			files = (
			);
			runOnlyForDeploymentPostprocessing = 0;
		};
		1AD1639726A1863A002634EE /* Frameworks */ = {
			isa = PBXFrameworksBuildPhase;
			buildActionMask = 2147483647;
			files = (
			);
			runOnlyForDeploymentPostprocessing = 0;
		};
		1AE15A56269C21D0009EE04E /* Frameworks */ = {
			isa = PBXFrameworksBuildPhase;
			buildActionMask = 2147483647;
			files = (
			);
			runOnlyForDeploymentPostprocessing = 0;
		};
/* End PBXFrameworksBuildPhase section */

/* Begin PBXGroup section */
		1A55142A269C240C002BD69B /* GCDTest */ = {
			isa = PBXGroup;
			children = (
				1A55142B269C240C002BD69B /* AppDelegate.h */,
				1A55142C269C240C002BD69B /* AppDelegate.m */,
				1A551459269C38D8002BD69B /* ViewController+BBQ.h */,
				1A55142E269C240C002BD69B /* ViewController.h */,
				1A55142F269C240C002BD69B /* ViewController.m */,
				1A551431269C240E002BD69B /* Assets.xcassets */,
				1A551433269C240E002BD69B /* Main.storyboard */,
				1A551436269C240F002BD69B /* Info.plist */,
				1A551437269C240F002BD69B /* main.m */,
				1A551439269C240F002BD69B /* GCDTest.entitlements */,
			);
			path = GCDTest;
			sourceTree = "<group>";
		};
		1A55145F269D2595002BD69B /* 运行时测试 */ = {
			isa = PBXGroup;
			children = (
				1A551460269D2595002BD69B /* AppDelegate.h */,
				1A551461269D2595002BD69B /* AppDelegate.m */,
				1A551463269D2595002BD69B /* ViewController.h */,
				1A551464269D2595002BD69B /* ViewController.m */,
				1A551466269D2598002BD69B /* Assets.xcassets */,
				1A551468269D2598002BD69B /* Main.storyboard */,
				1A55146B269D2598002BD69B /* Info.plist */,
				1A55146C269D2598002BD69B /* main.m */,
				1A55146E269D2598002BD69B /* _____.entitlements */,
			);
			path = "运行时测试";
			sourceTree = "<group>";
		};
		1A551499269D6CAC002BD69B /* 多线程保活 */ = {
			isa = PBXGroup;
			children = (
				1A55149A269D6CAC002BD69B /* AppDelegate.h */,
				1A55149B269D6CAC002BD69B /* AppDelegate.m */,
				1A55149D269D6CAC002BD69B /* ViewController.h */,
				1A55149E269D6CAC002BD69B /* ViewController.m */,
				1A5514AE269D71E1002BD69B /* BFThread.h */,
				1A5514AF269D71E1002BD69B /* BFThread.m */,
				1A5514A0269D6CAF002BD69B /* Assets.xcassets */,
				1A5514A2269D6CAF002BD69B /* Main.storyboard */,
				1A5514A5269D6CAF002BD69B /* Info.plist */,
				1A5514A6269D6CAF002BD69B /* main.m */,
				1A5514A8269D6CAF002BD69B /* _____.entitlements */,
			);
			path = "多线程保活";
			sourceTree = "<group>";
		};
		1A5514B6269E732D002BD69B /* LoadPerson */ = {
			isa = PBXGroup;
			children = (
				1A5514B7269E732D002BD69B /* main.m */,
				1A5514C8269E8B44002BD69B /* Son.h */,
				1A5514C9269E8B44002BD69B /* Son.m */,
				1A5514CB269E8B67002BD69B /* Son+A.h */,
				1A5514CC269E8B67002BD69B /* Son+A.m */,
				1A5514CE269E8B9C002BD69B /* Son+B.h */,
				1A5514CF269E8B9C002BD69B /* Son+B.m */,
				1A5514BC269E7339002BD69B /* Person.h */,
				1A5514BD269E7339002BD69B /* Person.m */,
				1A5514BF269E7355002BD69B /* Person+A.h */,
				1A5514C0269E7355002BD69B /* Person+A.m */,
				1A5514C2269E735E002BD69B /* Person+B.h */,
				1A5514C3269E735E002BD69B /* Person+B.m */,
				1A5514C5269E7365002BD69B /* Person+C.h */,
				1A5514C6269E7365002BD69B /* Person+C.m */,
			);
			path = LoadPerson;
			sourceTree = "<group>";
		};
		1A5514D6269E9212002BD69B /* 弱引用测试 */ = {
			isa = PBXGroup;
			children = (
				1A5514D7269E9212002BD69B /* main.m */,
			);
			path = "弱引用测试";
			sourceTree = "<group>";
		};
		1AD162FA26A01F7C002634EE /* 死锁测试 */ = {
			isa = PBXGroup;
			children = (
				1AD162FB26A01F7C002634EE /* AppDelegate.h */,
				1AD162FC26A01F7C002634EE /* AppDelegate.m */,
				1AD162FE26A01F7C002634EE /* ViewController.h */,
				1AD162FF26A01F7C002634EE /* ViewController.m */,
				1AD1630126A01F7E002634EE /* Assets.xcassets */,
				1AD1630326A01F7E002634EE /* Main.storyboard */,
				1AD1630626A01F7E002634EE /* Info.plist */,
				1AD1630726A01F7E002634EE /* main.m */,
				1AD1630926A01F7E002634EE /* ____.entitlements */,
			);
			path = "死锁测试";
			sourceTree = "<group>";
		};
		1AD1631226A1275D002634EE /* NSOpreatequeue测试 */ = {
			isa = PBXGroup;
			children = (
				1AD1631326A1275D002634EE /* main.m */,
			);
			path = "NSOpreatequeue测试";
			sourceTree = "<group>";
		};
		1AD1631D26A1285A002634EE /* 三种计时器 */ = {
			isa = PBXGroup;
			children = (
				1AD1631E26A1285A002634EE /* AppDelegate.h */,
				1AD1631F26A1285A002634EE /* AppDelegate.m */,
				1AD1632126A1285A002634EE /* ViewController.h */,
				1AD1632226A1285A002634EE /* ViewController.m */,
				1AD1632426A1285B002634EE /* Assets.xcassets */,
				1AD1632626A1285B002634EE /* Main.storyboard */,
				1AD1632926A1285B002634EE /* Info.plist */,
				1AD1632A26A1285B002634EE /* main.m */,
				1AD1632C26A1285B002634EE /* _____.entitlements */,
			);
			path = "三种计时器";
			sourceTree = "<group>";
		};
		1AD1633526A129F0002634EE /* 三种计时器 */ = {
			isa = PBXGroup;
			children = (
				1AD1633626A129F0002634EE /* AppDelegate.h */,
				1AD1633726A129F0002634EE /* AppDelegate.m */,
				1AD1633926A129F0002634EE /* SceneDelegate.h */,
				1AD1633A26A129F0002634EE /* SceneDelegate.m */,
				1AD1633C26A129F0002634EE /* ViewController.h */,
				1AD1633D26A129F0002634EE /* ViewController.m */,
				1AD1633F26A129F0002634EE /* Main.storyboard */,
				1AD1634226A129F0002634EE /* Assets.xcassets */,
				1AD1634426A129F0002634EE /* LaunchScreen.storyboard */,
				1AD1634726A129F0002634EE /* Info.plist */,
				1AD1634826A129F0002634EE /* main.m */,
			);
			path = "三种计时器";
			sourceTree = "<group>";
		};
		1AD1635226A155A9002634EE /* 响应链 */ = {
			isa = PBXGroup;
			children = (
				1AD1635326A155AA002634EE /* AppDelegate.h */,
				1AD1635426A155AA002634EE /* AppDelegate.m */,
				1AD1635626A155AA002634EE /* SceneDelegate.h */,
				1AD1635726A155AA002634EE /* SceneDelegate.m */,
				1AD1635926A155AA002634EE /* ViewController.h */,
				1AD1635A26A155AA002634EE /* ViewController.m */,
				1AD1637326A162FC002634EE /* UIWindow+Send.h */,
				1AD1637426A162FC002634EE /* UIWindow+Send.m */,
				1AD1635C26A155AA002634EE /* Main.storyboard */,
				1AD1635F26A155AC002634EE /* Assets.xcassets */,
				1AD1636126A155AC002634EE /* LaunchScreen.storyboard */,
				1AD1636426A155AC002634EE /* Info.plist */,
				1AD1636526A155AC002634EE /* main.m */,
				1AD1637026A16206002634EE /* UIApplication+Send.h */,
				1AD1637126A16206002634EE /* UIApplication+Send.m */,
				1AD1636A26A155CC002634EE /* BFView.h */,
				1AD1636B26A155CC002634EE /* BFView.m */,
				1AD1636D26A15794002634EE /* BFNextResponder.h */,
				1AD1636E26A15794002634EE /* BFNextResponder.m */,
			);
			path = "响应链";
			sourceTree = "<group>";
		};
		1AD1637B26A164CB002634EE /* 界面布局测试 */ = {
			isa = PBXGroup;
			children = (
				1AD1637C26A164CB002634EE /* AppDelegate.h */,
				1AD1637D26A164CB002634EE /* AppDelegate.m */,
				1AD1637F26A164CB002634EE /* SceneDelegate.h */,
				1AD1638026A164CB002634EE /* SceneDelegate.m */,
				1AD1638226A164CB002634EE /* ViewController.h */,
				1AD1638326A164CB002634EE /* ViewController.m */,
				1AD1639326A164E7002634EE /* AView.h */,
				1AD1639426A164E7002634EE /* AView.m */,
				1AD1638526A164CB002634EE /* Main.storyboard */,
				1AD1638826A164CD002634EE /* Assets.xcassets */,
				1AD1638A26A164CD002634EE /* LaunchScreen.storyboard */,
				1AD1638D26A164CD002634EE /* Info.plist */,
				1AD1638E26A164CD002634EE /* main.m */,
			);
			path = "界面布局测试";
			sourceTree = "<group>";
		};
		1AD1639B26A1863A002634EE /* 多继承测试 */ = {
			isa = PBXGroup;
			children = (
				1AD1639C26A1863A002634EE /* main.cpp */,
			);
			path = "多继承测试";
			sourceTree = "<group>";
		};
		1AE15A50269C21D0009EE04E = {
			isa = PBXGroup;
			children = (
				1A5514AC269D6CB8002BD69B /* 多线程保活.pdf */,
				1A551490269D6379002BD69B /* iOS触摸事件处理 - 简书.pdf */,
				1A551492269D6916002BD69B /* 主线程刷新UI.pdf */,
				1AE15A5B269C21D0009EE04E /* 面试测试 */,
				1A55142A269C240C002BD69B /* GCDTest */,
				1A55145F269D2595002BD69B /* 运行时测试 */,
				1A551499269D6CAC002BD69B /* 多线程保活 */,
				1A5514B6269E732D002BD69B /* LoadPerson */,
				1A5514D6269E9212002BD69B /* 弱引用测试 */,
				1AD162FA26A01F7C002634EE /* 死锁测试 */,
				1AD1631226A1275D002634EE /* NSOpreatequeue测试 */,
				1AD1631D26A1285A002634EE /* 三种计时器 */,
				1AD1633526A129F0002634EE /* 三种计时器 */,
				1AD1635226A155A9002634EE /* 响应链 */,
				1AD1637B26A164CB002634EE /* 界面布局测试 */,
				1AD1639B26A1863A002634EE /* 多继承测试 */,
				1AE15A5A269C21D0009EE04E /* Products */,
			);
			sourceTree = "<group>";
		};
		1AE15A5A269C21D0009EE04E /* Products */ = {
			isa = PBXGroup;
			children = (
				1AE15A59269C21D0009EE04E /* 面试测试 */,
				1A551429269C240C002BD69B /* GCDTest.app */,
				1A55145E269D2595002BD69B /* 运行时测试.app */,
				1A551498269D6CAC002BD69B /* 多线程保活.app */,
				1A5514B5269E732D002BD69B /* LoadPerson */,
				1A5514D5269E9212002BD69B /* 弱引用测试 */,
				1AD162F926A01F7C002634EE /* 死锁测试.app */,
				1AD1631126A1275D002634EE /* NSOpreatequeue测试 */,
				1AD1633426A129F0002634EE /* 三种计时器.app */,
				1AD1635126A155A9002634EE /* 响应链.app */,
				1AD1637A26A164CB002634EE /* 界面布局测试.app */,
				1AD1639A26A1863A002634EE /* 多继承测试 */,
			);
			name = Products;
			sourceTree = "<group>";
		};
		1AE15A5B269C21D0009EE04E /* 面试测试 */ = {
			isa = PBXGroup;
			children = (
				1AE15A5C269C21D0009EE04E /* main.m */,
			);
			path = "面试测试";
			sourceTree = "<group>";
		};
/* End PBXGroup section */

/* Begin PBXNativeTarget section */
		1A551428269C240C002BD69B /* GCDTest */ = {
			isa = PBXNativeTarget;
			buildConfigurationList = 1A551456269C240F002BD69B /* Build configuration list for PBXNativeTarget "GCDTest" */;
			buildPhases = (
				1A551425269C240C002BD69B /* Sources */,
				1A551426269C240C002BD69B /* Frameworks */,
				1A551427269C240C002BD69B /* Resources */,
			);
			buildRules = (
			);
			dependencies = (
			);
			name = GCDTest;
			productName = GCDTest;
			productReference = 1A551429269C240C002BD69B /* GCDTest.app */;
			productType = "com.apple.product-type.application";
		};
		1A55145D269D2595002BD69B /* 运行时测试 */ = {
			isa = PBXNativeTarget;
			buildConfigurationList = 1A551485269D2599002BD69B /* Build configuration list for PBXNativeTarget "运行时测试" */;
			buildPhases = (
				1A55145A269D2595002BD69B /* Sources */,
				1A55145B269D2595002BD69B /* Frameworks */,
				1A55145C269D2595002BD69B /* Resources */,
			);
			buildRules = (
			);
			dependencies = (
			);
			name = "运行时测试";
			productName = "运行时测试";
			productReference = 1A55145E269D2595002BD69B /* 运行时测试.app */;
			productType = "com.apple.product-type.application";
		};
		1A551497269D6CAC002BD69B /* 多线程保活 */ = {
			isa = PBXNativeTarget;
			buildConfigurationList = 1A5514A9269D6CAF002BD69B /* Build configuration list for PBXNativeTarget "多线程保活" */;
			buildPhases = (
				1A551494269D6CAC002BD69B /* Sources */,
				1A551495269D6CAC002BD69B /* Frameworks */,
				1A551496269D6CAC002BD69B /* Resources */,
			);
			buildRules = (
			);
			dependencies = (
			);
			name = "多线程保活";
			productName = "多线程保活";
			productReference = 1A551498269D6CAC002BD69B /* 多线程保活.app */;
			productType = "com.apple.product-type.application";
		};
		1A5514B4269E732D002BD69B /* LoadPerson */ = {
			isa = PBXNativeTarget;
			buildConfigurationList = 1A5514B9269E732D002BD69B /* Build configuration list for PBXNativeTarget "LoadPerson" */;
			buildPhases = (
				1A5514B1269E732D002BD69B /* Sources */,
				1A5514B2269E732D002BD69B /* Frameworks */,
				1A5514B3269E732D002BD69B /* CopyFiles */,
			);
			buildRules = (
			);
			dependencies = (
			);
			name = LoadPerson;
			productName = LoadPerson;
			productReference = 1A5514B5269E732D002BD69B /* LoadPerson */;
			productType = "com.apple.product-type.tool";
		};
		1A5514D4269E9212002BD69B /* 弱引用测试 */ = {
			isa = PBXNativeTarget;
			buildConfigurationList = 1A5514D9269E9212002BD69B /* Build configuration list for PBXNativeTarget "弱引用测试" */;
			buildPhases = (
				1A5514D1269E9212002BD69B /* Sources */,
				1A5514D2269E9212002BD69B /* Frameworks */,
				1A5514D3269E9212002BD69B /* CopyFiles */,
			);
			buildRules = (
			);
			dependencies = (
			);
			name = "弱引用测试";
			productName = "弱引用测试";
			productReference = 1A5514D5269E9212002BD69B /* 弱引用测试 */;
			productType = "com.apple.product-type.tool";
		};
		1AD162F826A01F7C002634EE /* 死锁测试 */ = {
			isa = PBXNativeTarget;
			buildConfigurationList = 1AD1630C26A01F7E002634EE /* Build configuration list for PBXNativeTarget "死锁测试" */;
			buildPhases = (
				1AD162F526A01F7C002634EE /* Sources */,
				1AD162F626A01F7C002634EE /* Frameworks */,
				1AD162F726A01F7C002634EE /* Resources */,
			);
			buildRules = (
			);
			dependencies = (
			);
			name = "死锁测试";
			productName = "死锁测试";
			productReference = 1AD162F926A01F7C002634EE /* 死锁测试.app */;
			productType = "com.apple.product-type.application";
		};
		1AD1631026A1275D002634EE /* NSOpreatequeue测试 */ = {
			isa = PBXNativeTarget;
			buildConfigurationList = 1AD1631726A1275D002634EE /* Build configuration list for PBXNativeTarget "NSOpreatequeue测试" */;
			buildPhases = (
				1AD1630D26A1275D002634EE /* Sources */,
				1AD1630E26A1275D002634EE /* Frameworks */,
				1AD1630F26A1275D002634EE /* CopyFiles */,
			);
			buildRules = (
			);
			dependencies = (
			);
			name = "NSOpreatequeue测试";
			productName = "NSOpreatequeue测试";
			productReference = 1AD1631126A1275D002634EE /* NSOpreatequeue测试 */;
			productType = "com.apple.product-type.tool";
		};
		1AD1633326A129F0002634EE /* 三种计时器 */ = {
			isa = PBXNativeTarget;
			buildConfigurationList = 1AD1634A26A129F0002634EE /* Build configuration list for PBXNativeTarget "三种计时器" */;
			buildPhases = (
				1AD1633026A129F0002634EE /* Sources */,
				1AD1633126A129F0002634EE /* Frameworks */,
				1AD1633226A129F0002634EE /* Resources */,
			);
			buildRules = (
			);
			dependencies = (
			);
			name = "三种计时器";
			productName = "三种计时器";
			productReference = 1AD1633426A129F0002634EE /* 三种计时器.app */;
			productType = "com.apple.product-type.application";
		};
		1AD1635026A155A9002634EE /* 响应链 */ = {
			isa = PBXNativeTarget;
			buildConfigurationList = 1AD1636726A155AC002634EE /* Build configuration list for PBXNativeTarget "响应链" */;
			buildPhases = (
				1AD1634D26A155A9002634EE /* Sources */,
				1AD1634E26A155A9002634EE /* Frameworks */,
				1AD1634F26A155A9002634EE /* Resources */,
			);
			buildRules = (
			);
			dependencies = (
			);
			name = "响应链";
			productName = "响应链";
			productReference = 1AD1635126A155A9002634EE /* 响应链.app */;
			productType = "com.apple.product-type.application";
		};
		1AD1637926A164CB002634EE /* 界面布局测试 */ = {
			isa = PBXNativeTarget;
			buildConfigurationList = 1AD1639026A164CD002634EE /* Build configuration list for PBXNativeTarget "界面布局测试" */;
			buildPhases = (
				1AD1637626A164CB002634EE /* Sources */,
				1AD1637726A164CB002634EE /* Frameworks */,
				1AD1637826A164CB002634EE /* Resources */,
			);
			buildRules = (
			);
			dependencies = (
			);
			name = "界面布局测试";
			productName = "界面布局测试";
			productReference = 1AD1637A26A164CB002634EE /* 界面布局测试.app */;
			productType = "com.apple.product-type.application";
		};
		1AD1639926A1863A002634EE /* 多继承测试 */ = {
			isa = PBXNativeTarget;
			buildConfigurationList = 1AD1639E26A1863A002634EE /* Build configuration list for PBXNativeTarget "多继承测试" */;
			buildPhases = (
				1AD1639626A1863A002634EE /* Sources */,
				1AD1639726A1863A002634EE /* Frameworks */,
				1AD1639826A1863A002634EE /* CopyFiles */,
			);
			buildRules = (
			);
			dependencies = (
			);
			name = "多继承测试";
			productName = "多继承测试";
			productReference = 1AD1639A26A1863A002634EE /* 多继承测试 */;
			productType = "com.apple.product-type.tool";
		};
		1AE15A58269C21D0009EE04E /* 面试测试 */ = {
			isa = PBXNativeTarget;
			buildConfigurationList = 1AE15A60269C21D0009EE04E /* Build configuration list for PBXNativeTarget "面试测试" */;
			buildPhases = (
				1AE15A55269C21D0009EE04E /* Sources */,
				1AE15A56269C21D0009EE04E /* Frameworks */,
				1AE15A57269C21D0009EE04E /* CopyFiles */,
			);
			buildRules = (
			);
			dependencies = (
			);
			name = "面试测试";
			productName = "面试测试";
			productReference = 1AE15A59269C21D0009EE04E /* 面试测试 */;
			productType = "com.apple.product-type.tool";
		};
/* End PBXNativeTarget section */

/* Begin PBXProject section */
		1AE15A51269C21D0009EE04E /* Project object */ = {
			isa = PBXProject;
			attributes = {
				LastUpgradeCheck = 1250;
				TargetAttributes = {
					1A551428269C240C002BD69B = {
						CreatedOnToolsVersion = 12.5.1;
					};
					1A55145D269D2595002BD69B = {
						CreatedOnToolsVersion = 12.5.1;
					};
					1A551497269D6CAC002BD69B = {
						CreatedOnToolsVersion = 12.5.1;
					};
					1A5514B4269E732D002BD69B = {
						CreatedOnToolsVersion = 12.5.1;
					};
					1A5514D4269E9212002BD69B = {
						CreatedOnToolsVersion = 12.5.1;
					};
					1AD162F826A01F7C002634EE = {
						CreatedOnToolsVersion = 12.5.1;
					};
					1AD1631026A1275D002634EE = {
						CreatedOnToolsVersion = 12.5.1;
					};
					1AD1633326A129F0002634EE = {
						CreatedOnToolsVersion = 12.5.1;
					};
					1AD1635026A155A9002634EE = {
						CreatedOnToolsVersion = 12.5.1;
					};
					1AD1637926A164CB002634EE = {
						CreatedOnToolsVersion = 12.5.1;
					};
					1AD1639926A1863A002634EE = {
						CreatedOnToolsVersion = 12.5.1;
					};
					1AE15A58269C21D0009EE04E = {
						CreatedOnToolsVersion = 12.5.1;
					};
				};
			};
			buildConfigurationList = 1AE15A54269C21D0009EE04E /* Build configuration list for PBXProject "面试测试" */;
			compatibilityVersion = "Xcode 9.3";
			developmentRegion = en;
			hasScannedForEncodings = 0;
			knownRegions = (
				en,
				Base,
			);
			mainGroup = 1AE15A50269C21D0009EE04E;
			productRefGroup = 1AE15A5A269C21D0009EE04E /* Products */;
			projectDirPath = "";
			projectRoot = "";
			targets = (
				1AE15A58269C21D0009EE04E /* 面试测试 */,
				1A551428269C240C002BD69B /* GCDTest */,
				1A55145D269D2595002BD69B /* 运行时测试 */,
				1A551497269D6CAC002BD69B /* 多线程保活 */,
				1A5514B4269E732D002BD69B /* LoadPerson */,
				1A5514D4269E9212002BD69B /* 弱引用测试 */,
				1AD162F826A01F7C002634EE /* 死锁测试 */,
				1AD1631026A1275D002634EE /* NSOpreatequeue测试 */,
				1AD1633326A129F0002634EE /* 三种计时器 */,
				1AD1635026A155A9002634EE /* 响应链 */,
				1AD1637926A164CB002634EE /* 界面布局测试 */,
				1AD1639926A1863A002634EE /* 多继承测试 */,
			);
		};
/* End PBXProject section */

/* Begin PBXResourcesBuildPhase section */
		1A551427269C240C002BD69B /* Resources */ = {
			isa = PBXResourcesBuildPhase;
			buildActionMask = 2147483647;
			files = (
				1A551432269C240E002BD69B /* Assets.xcassets in Resources */,
				1A551491269D6379002BD69B /* iOS触摸事件处理 - 简书.pdf in Resources */,
				1A5514AD269D6CB8002BD69B /* 多线程保活.pdf in Resources */,
				1A551435269C240E002BD69B /* Main.storyboard in Resources */,
				1A551493269D6916002BD69B /* 主线程刷新UI.pdf in Resources */,
			);
			runOnlyForDeploymentPostprocessing = 0;
		};
		1A55145C269D2595002BD69B /* Resources */ = {
			isa = PBXResourcesBuildPhase;
			buildActionMask = 2147483647;
			files = (
				1A551467269D2598002BD69B /* Assets.xcassets in Resources */,
				1A55146A269D2598002BD69B /* Main.storyboard in Resources */,
			);
			runOnlyForDeploymentPostprocessing = 0;
		};
		1A551496269D6CAC002BD69B /* Resources */ = {
			isa = PBXResourcesBuildPhase;
			buildActionMask = 2147483647;
			files = (
				1A5514A1269D6CAF002BD69B /* Assets.xcassets in Resources */,
				1A5514A4269D6CAF002BD69B /* Main.storyboard in Resources */,
			);
			runOnlyForDeploymentPostprocessing = 0;
		};
		1AD162F726A01F7C002634EE /* Resources */ = {
			isa = PBXResourcesBuildPhase;
			buildActionMask = 2147483647;
			files = (
				1AD1630226A01F7E002634EE /* Assets.xcassets in Resources */,
				1AD1630526A01F7E002634EE /* Main.storyboard in Resources */,
			);
			runOnlyForDeploymentPostprocessing = 0;
		};
		1AD1633226A129F0002634EE /* Resources */ = {
			isa = PBXResourcesBuildPhase;
			buildActionMask = 2147483647;
			files = (
				1AD1634626A129F0002634EE /* LaunchScreen.storyboard in Resources */,
				1AD1634326A129F0002634EE /* Assets.xcassets in Resources */,
				1AD1634126A129F0002634EE /* Main.storyboard in Resources */,
			);
			runOnlyForDeploymentPostprocessing = 0;
		};
		1AD1634F26A155A9002634EE /* Resources */ = {
			isa = PBXResourcesBuildPhase;
			buildActionMask = 2147483647;
			files = (
				1AD1636326A155AC002634EE /* LaunchScreen.storyboard in Resources */,
				1AD1636026A155AC002634EE /* Assets.xcassets in Resources */,
				1AD1635E26A155AA002634EE /* Main.storyboard in Resources */,
			);
			runOnlyForDeploymentPostprocessing = 0;
		};
		1AD1637826A164CB002634EE /* Resources */ = {
			isa = PBXResourcesBuildPhase;
			buildActionMask = 2147483647;
			files = (
				1AD1638C26A164CD002634EE /* LaunchScreen.storyboard in Resources */,
				1AD1638926A164CD002634EE /* Assets.xcassets in Resources */,
				1AD1638726A164CB002634EE /* Main.storyboard in Resources */,
			);
			runOnlyForDeploymentPostprocessing = 0;
		};
/* End PBXResourcesBuildPhase section */

/* Begin PBXSourcesBuildPhase section */
		1A551425269C240C002BD69B /* Sources */ = {
			isa = PBXSourcesBuildPhase;
			buildActionMask = 2147483647;
			files = (
				1A551430269C240C002BD69B /* ViewController.m in Sources */,
				1A551438269C240F002BD69B /* main.m in Sources */,
				1A55142D269C240C002BD69B /* AppDelegate.m in Sources */,
			);
			runOnlyForDeploymentPostprocessing = 0;
		};
		1A55145A269D2595002BD69B /* Sources */ = {
			isa = PBXSourcesBuildPhase;
			buildActionMask = 2147483647;
			files = (
				1A551465269D2595002BD69B /* ViewController.m in Sources */,
				1A55146D269D2598002BD69B /* main.m in Sources */,
				1A551462269D2595002BD69B /* AppDelegate.m in Sources */,
			);
			runOnlyForDeploymentPostprocessing = 0;
		};
		1A551494269D6CAC002BD69B /* Sources */ = {
			isa = PBXSourcesBuildPhase;
			buildActionMask = 2147483647;
			files = (
				1A55149F269D6CAC002BD69B /* ViewController.m in Sources */,
				1A5514B0269D71E1002BD69B /* BFThread.m in Sources */,
				1A5514A7269D6CAF002BD69B /* main.m in Sources */,
				1A55149C269D6CAC002BD69B /* AppDelegate.m in Sources */,
			);
			runOnlyForDeploymentPostprocessing = 0;
		};
		1A5514B1269E732D002BD69B /* Sources */ = {
			isa = PBXSourcesBuildPhase;
			buildActionMask = 2147483647;
			files = (
				1A5514CA269E8B44002BD69B /* Son.m in Sources */,
				1A5514C7269E7365002BD69B /* Person+C.m in Sources */,
				1A5514C1269E7355002BD69B /* Person+A.m in Sources */,
				1A5514C4269E735E002BD69B /* Person+B.m in Sources */,
				1A5514BE269E7339002BD69B /* Person.m in Sources */,
				1A5514B8269E732D002BD69B /* main.m in Sources */,
				1A5514CD269E8B67002BD69B /* Son+A.m in Sources */,
				1A5514D0269E8B9C002BD69B /* Son+B.m in Sources */,
			);
			runOnlyForDeploymentPostprocessing = 0;
		};
		1A5514D1269E9212002BD69B /* Sources */ = {
			isa = PBXSourcesBuildPhase;
			buildActionMask = 2147483647;
			files = (
				1A5514D8269E9212002BD69B /* main.m in Sources */,
			);
			runOnlyForDeploymentPostprocessing = 0;
		};
		1AD162F526A01F7C002634EE /* Sources */ = {
			isa = PBXSourcesBuildPhase;
			buildActionMask = 2147483647;
			files = (
				1AD1630026A01F7C002634EE /* ViewController.m in Sources */,
				1AD1630826A01F7E002634EE /* main.m in Sources */,
				1AD162FD26A01F7C002634EE /* AppDelegate.m in Sources */,
			);
			runOnlyForDeploymentPostprocessing = 0;
		};
		1AD1630D26A1275D002634EE /* Sources */ = {
			isa = PBXSourcesBuildPhase;
			buildActionMask = 2147483647;
			files = (
				1AD1631426A1275D002634EE /* main.m in Sources */,
			);
			runOnlyForDeploymentPostprocessing = 0;
		};
		1AD1633026A129F0002634EE /* Sources */ = {
			isa = PBXSourcesBuildPhase;
			buildActionMask = 2147483647;
			files = (
				1AD1633E26A129F0002634EE /* ViewController.m in Sources */,
				1AD1633826A129F0002634EE /* AppDelegate.m in Sources */,
				1AD1634926A129F0002634EE /* main.m in Sources */,
				1AD1633B26A129F0002634EE /* SceneDelegate.m in Sources */,
			);
			runOnlyForDeploymentPostprocessing = 0;
		};
		1AD1634D26A155A9002634EE /* Sources */ = {
			isa = PBXSourcesBuildPhase;
			buildActionMask = 2147483647;
			files = (
				1AD1635B26A155AA002634EE /* ViewController.m in Sources */,
				1AD1637226A16206002634EE /* UIApplication+Send.m in Sources */,
				1AD1635526A155AA002634EE /* AppDelegate.m in Sources */,
				1AD1636626A155AC002634EE /* main.m in Sources */,
				1AD1636F26A15794002634EE /* BFNextResponder.m in Sources */,
				1AD1637526A162FC002634EE /* UIWindow+Send.m in Sources */,
				1AD1635826A155AA002634EE /* SceneDelegate.m in Sources */,
				1AD1636C26A155CC002634EE /* BFView.m in Sources */,
			);
			runOnlyForDeploymentPostprocessing = 0;
		};
		1AD1637626A164CB002634EE /* Sources */ = {
			isa = PBXSourcesBuildPhase;
			buildActionMask = 2147483647;
			files = (
				1AD1638426A164CB002634EE /* ViewController.m in Sources */,
				1AD1637E26A164CB002634EE /* AppDelegate.m in Sources */,
				1AD1638F26A164CD002634EE /* main.m in Sources */,
				1AD1639526A164E7002634EE /* AView.m in Sources */,
				1AD1638126A164CB002634EE /* SceneDelegate.m in Sources */,
			);
			runOnlyForDeploymentPostprocessing = 0;
		};
		1AD1639626A1863A002634EE /* Sources */ = {
			isa = PBXSourcesBuildPhase;
			buildActionMask = 2147483647;
			files = (
				1AD1639D26A1863A002634EE /* main.cpp in Sources */,
			);
			runOnlyForDeploymentPostprocessing = 0;
		};
		1AE15A55269C21D0009EE04E /* Sources */ = {
			isa = PBXSourcesBuildPhase;
			buildActionMask = 2147483647;
			files = (
				1AE15A5D269C21D0009EE04E /* main.m in Sources */,
			);
			runOnlyForDeploymentPostprocessing = 0;
		};
/* End PBXSourcesBuildPhase section */

/* Begin PBXVariantGroup section */
		1A551433269C240E002BD69B /* Main.storyboard */ = {
			isa = PBXVariantGroup;
			children = (
				1A551434269C240E002BD69B /* Base */,
			);
			name = Main.storyboard;
			sourceTree = "<group>";
		};
		1A551468269D2598002BD69B /* Main.storyboard */ = {
			isa = PBXVariantGroup;
			children = (
				1A551469269D2598002BD69B /* Base */,
			);
			name = Main.storyboard;
			sourceTree = "<group>";
		};
		1A5514A2269D6CAF002BD69B /* Main.storyboard */ = {
			isa = PBXVariantGroup;
			children = (
				1A5514A3269D6CAF002BD69B /* Base */,
			);
			name = Main.storyboard;
			sourceTree = "<group>";
		};
		1AD1630326A01F7E002634EE /* Main.storyboard */ = {
			isa = PBXVariantGroup;
			children = (
				1AD1630426A01F7E002634EE /* Base */,
			);
			name = Main.storyboard;
			sourceTree = "<group>";
		};
		1AD1632626A1285B002634EE /* Main.storyboard */ = {
			isa = PBXVariantGroup;
			children = (
				1AD1632726A1285B002634EE /* Base */,
			);
			name = Main.storyboard;
			sourceTree = "<group>";
		};
		1AD1633F26A129F0002634EE /* Main.storyboard */ = {
			isa = PBXVariantGroup;
			children = (
				1AD1634026A129F0002634EE /* Base */,
			);
			name = Main.storyboard;
			sourceTree = "<group>";
		};
		1AD1634426A129F0002634EE /* LaunchScreen.storyboard */ = {
			isa = PBXVariantGroup;
			children = (
				1AD1634526A129F0002634EE /* Base */,
			);
			name = LaunchScreen.storyboard;
			sourceTree = "<group>";
		};
		1AD1635C26A155AA002634EE /* Main.storyboard */ = {
			isa = PBXVariantGroup;
			children = (
				1AD1635D26A155AA002634EE /* Base */,
			);
			name = Main.storyboard;
			sourceTree = "<group>";
		};
		1AD1636126A155AC002634EE /* LaunchScreen.storyboard */ = {
			isa = PBXVariantGroup;
			children = (
				1AD1636226A155AC002634EE /* Base */,
			);
			name = LaunchScreen.storyboard;
			sourceTree = "<group>";
		};
		1AD1638526A164CB002634EE /* Main.storyboard */ = {
			isa = PBXVariantGroup;
			children = (
				1AD1638626A164CB002634EE /* Base */,
			);
			name = Main.storyboard;
			sourceTree = "<group>";
		};
		1AD1638A26A164CD002634EE /* LaunchScreen.storyboard */ = {
			isa = PBXVariantGroup;
			children = (
				1AD1638B26A164CD002634EE /* Base */,
			);
			name = LaunchScreen.storyboard;
			sourceTree = "<group>";
		};
/* End PBXVariantGroup section */

/* Begin XCBuildConfiguration section */
		1A551450269C240F002BD69B /* Debug */ = {
			isa = XCBuildConfiguration;
			buildSettings = {
				ASSETCATALOG_COMPILER_APPICON_NAME = AppIcon;
				ASSETCATALOG_COMPILER_GLOBAL_ACCENT_COLOR_NAME = AccentColor;
				CODE_SIGN_ENTITLEMENTS = GCDTest/GCDTest.entitlements;
				CODE_SIGN_STYLE = Automatic;
				COMBINE_HIDPI_IMAGES = YES;
				INFOPLIST_FILE = GCDTest/Info.plist;
				LD_RUNPATH_SEARCH_PATHS = (
					"$(inherited)",
					"@executable_path/../Frameworks",
				);
				PRODUCT_BUNDLE_IDENTIFIER = com.hdgame.xjvideoeditor.GCDTest;
				PRODUCT_NAME = "$(TARGET_NAME)";
			};
			name = Debug;
		};
		1A551451269C240F002BD69B /* Release */ = {
			isa = XCBuildConfiguration;
			buildSettings = {
				ASSETCATALOG_COMPILER_APPICON_NAME = AppIcon;
				ASSETCATALOG_COMPILER_GLOBAL_ACCENT_COLOR_NAME = AccentColor;
				CODE_SIGN_ENTITLEMENTS = GCDTest/GCDTest.entitlements;
				CODE_SIGN_STYLE = Automatic;
				COMBINE_HIDPI_IMAGES = YES;
				INFOPLIST_FILE = GCDTest/Info.plist;
				LD_RUNPATH_SEARCH_PATHS = (
					"$(inherited)",
					"@executable_path/../Frameworks",
				);
				PRODUCT_BUNDLE_IDENTIFIER = com.hdgame.xjvideoeditor.GCDTest;
				PRODUCT_NAME = "$(TARGET_NAME)";
			};
			name = Release;
		};
		1A551486269D2599002BD69B /* Debug */ = {
			isa = XCBuildConfiguration;
			buildSettings = {
				ASSETCATALOG_COMPILER_APPICON_NAME = AppIcon;
				ASSETCATALOG_COMPILER_GLOBAL_ACCENT_COLOR_NAME = AccentColor;
				CODE_SIGN_ENTITLEMENTS = "运行时测试/_____.entitlements";
				CODE_SIGN_STYLE = Automatic;
				COMBINE_HIDPI_IMAGES = YES;
				INFOPLIST_FILE = "运行时测试/Info.plist";
				LD_RUNPATH_SEARCH_PATHS = (
					"$(inherited)",
					"@executable_path/../Frameworks",
				);
				PRODUCT_BUNDLE_IDENTIFIER = "com.hdgame.xjvideoeditor.-----";
				PRODUCT_NAME = "$(TARGET_NAME)";
			};
			name = Debug;
		};
		1A551487269D2599002BD69B /* Release */ = {
			isa = XCBuildConfiguration;
			buildSettings = {
				ASSETCATALOG_COMPILER_APPICON_NAME = AppIcon;
				ASSETCATALOG_COMPILER_GLOBAL_ACCENT_COLOR_NAME = AccentColor;
				CODE_SIGN_ENTITLEMENTS = "运行时测试/_____.entitlements";
				CODE_SIGN_STYLE = Automatic;
				COMBINE_HIDPI_IMAGES = YES;
				INFOPLIST_FILE = "运行时测试/Info.plist";
				LD_RUNPATH_SEARCH_PATHS = (
					"$(inherited)",
					"@executable_path/../Frameworks",
				);
				PRODUCT_BUNDLE_IDENTIFIER = "com.hdgame.xjvideoeditor.-----";
				PRODUCT_NAME = "$(TARGET_NAME)";
			};
			name = Release;
		};
		1A5514AA269D6CAF002BD69B /* Debug */ = {
			isa = XCBuildConfiguration;
			buildSettings = {
				ASSETCATALOG_COMPILER_APPICON_NAME = AppIcon;
				ASSETCATALOG_COMPILER_GLOBAL_ACCENT_COLOR_NAME = AccentColor;
				CODE_SIGN_ENTITLEMENTS = "多线程保活/_____.entitlements";
				CODE_SIGN_STYLE = Automatic;
				COMBINE_HIDPI_IMAGES = YES;
				INFOPLIST_FILE = "多线程保活/Info.plist";
				LD_RUNPATH_SEARCH_PATHS = (
					"$(inherited)",
					"@executable_path/../Frameworks",
				);
				PRODUCT_BUNDLE_IDENTIFIER = "com.hdgame.xjvideoeditor.-----";
				PRODUCT_NAME = "$(TARGET_NAME)";
			};
			name = Debug;
		};
		1A5514AB269D6CAF002BD69B /* Release */ = {
			isa = XCBuildConfiguration;
			buildSettings = {
				ASSETCATALOG_COMPILER_APPICON_NAME = AppIcon;
				ASSETCATALOG_COMPILER_GLOBAL_ACCENT_COLOR_NAME = AccentColor;
				CODE_SIGN_ENTITLEMENTS = "多线程保活/_____.entitlements";
				CODE_SIGN_STYLE = Automatic;
				COMBINE_HIDPI_IMAGES = YES;
				INFOPLIST_FILE = "多线程保活/Info.plist";
				LD_RUNPATH_SEARCH_PATHS = (
					"$(inherited)",
					"@executable_path/../Frameworks",
				);
				PRODUCT_BUNDLE_IDENTIFIER = "com.hdgame.xjvideoeditor.-----";
				PRODUCT_NAME = "$(TARGET_NAME)";
			};
			name = Release;
		};
		1A5514BA269E732D002BD69B /* Debug */ = {
			isa = XCBuildConfiguration;
			buildSettings = {
				CODE_SIGN_STYLE = Automatic;
				PRODUCT_NAME = "$(TARGET_NAME)";
			};
			name = Debug;
		};
		1A5514BB269E732D002BD69B /* Release */ = {
			isa = XCBuildConfiguration;
			buildSettings = {
				CODE_SIGN_STYLE = Automatic;
				PRODUCT_NAME = "$(TARGET_NAME)";
			};
			name = Release;
		};
		1A5514DA269E9212002BD69B /* Debug */ = {
			isa = XCBuildConfiguration;
			buildSettings = {
				CODE_SIGN_STYLE = Automatic;
				PRODUCT_NAME = "$(TARGET_NAME)";
			};
			name = Debug;
		};
		1A5514DB269E9212002BD69B /* Release */ = {
			isa = XCBuildConfiguration;
			buildSettings = {
				CODE_SIGN_STYLE = Automatic;
				PRODUCT_NAME = "$(TARGET_NAME)";
			};
			name = Release;
		};
		1AD1630A26A01F7E002634EE /* Debug */ = {
			isa = XCBuildConfiguration;
			buildSettings = {
				ASSETCATALOG_COMPILER_APPICON_NAME = AppIcon;
				ASSETCATALOG_COMPILER_GLOBAL_ACCENT_COLOR_NAME = AccentColor;
				CODE_SIGN_ENTITLEMENTS = "死锁测试/____.entitlements";
				CODE_SIGN_STYLE = Automatic;
				COMBINE_HIDPI_IMAGES = YES;
				INFOPLIST_FILE = "死锁测试/Info.plist";
				LD_RUNPATH_SEARCH_PATHS = (
					"$(inherited)",
					"@executable_path/../Frameworks",
				);
				PRODUCT_BUNDLE_IDENTIFIER = "com.hdgame.xjvideoeditor.----";
				PRODUCT_NAME = "$(TARGET_NAME)";
			};
			name = Debug;
		};
		1AD1630B26A01F7E002634EE /* Release */ = {
			isa = XCBuildConfiguration;
			buildSettings = {
				ASSETCATALOG_COMPILER_APPICON_NAME = AppIcon;
				ASSETCATALOG_COMPILER_GLOBAL_ACCENT_COLOR_NAME = AccentColor;
				CODE_SIGN_ENTITLEMENTS = "死锁测试/____.entitlements";
				CODE_SIGN_STYLE = Automatic;
				COMBINE_HIDPI_IMAGES = YES;
				INFOPLIST_FILE = "死锁测试/Info.plist";
				LD_RUNPATH_SEARCH_PATHS = (
					"$(inherited)",
					"@executable_path/../Frameworks",
				);
				PRODUCT_BUNDLE_IDENTIFIER = "com.hdgame.xjvideoeditor.----";
				PRODUCT_NAME = "$(TARGET_NAME)";
			};
			name = Release;
		};
		1AD1631526A1275D002634EE /* Debug */ = {
			isa = XCBuildConfiguration;
			buildSettings = {
				CODE_SIGN_STYLE = Automatic;
				PRODUCT_NAME = "$(TARGET_NAME)";
			};
			name = Debug;
		};
		1AD1631626A1275D002634EE /* Release */ = {
			isa = XCBuildConfiguration;
			buildSettings = {
				CODE_SIGN_STYLE = Automatic;
				PRODUCT_NAME = "$(TARGET_NAME)";
			};
			name = Release;
		};
		1AD1634B26A129F0002634EE /* Debug */ = {
			isa = XCBuildConfiguration;
			buildSettings = {
				ASSETCATALOG_COMPILER_APPICON_NAME = AppIcon;
				ASSETCATALOG_COMPILER_GLOBAL_ACCENT_COLOR_NAME = AccentColor;
				CODE_SIGN_STYLE = Automatic;
				INFOPLIST_FILE = "三种计时器/Info.plist";
				IPHONEOS_DEPLOYMENT_TARGET = 14.5;
				LD_RUNPATH_SEARCH_PATHS = (
					"$(inherited)",
					"@executable_path/Frameworks",
				);
				PRODUCT_BUNDLE_IDENTIFIER = "com.hdgame.xjvideoeditor.-----";
				PRODUCT_NAME = "$(TARGET_NAME)";
				SDKROOT = iphoneos;
				TARGETED_DEVICE_FAMILY = "1,2";
			};
			name = Debug;
		};
		1AD1634C26A129F0002634EE /* Release */ = {
			isa = XCBuildConfiguration;
			buildSettings = {
				ASSETCATALOG_COMPILER_APPICON_NAME = AppIcon;
				ASSETCATALOG_COMPILER_GLOBAL_ACCENT_COLOR_NAME = AccentColor;
				CODE_SIGN_STYLE = Automatic;
				INFOPLIST_FILE = "三种计时器/Info.plist";
				IPHONEOS_DEPLOYMENT_TARGET = 14.5;
				LD_RUNPATH_SEARCH_PATHS = (
					"$(inherited)",
					"@executable_path/Frameworks",
				);
				PRODUCT_BUNDLE_IDENTIFIER = "com.hdgame.xjvideoeditor.-----";
				PRODUCT_NAME = "$(TARGET_NAME)";
				SDKROOT = iphoneos;
				TARGETED_DEVICE_FAMILY = "1,2";
				VALIDATE_PRODUCT = YES;
			};
			name = Release;
		};
		1AD1636826A155AC002634EE /* Debug */ = {
			isa = XCBuildConfiguration;
			buildSettings = {
				ASSETCATALOG_COMPILER_APPICON_NAME = AppIcon;
				ASSETCATALOG_COMPILER_GLOBAL_ACCENT_COLOR_NAME = AccentColor;
				CODE_SIGN_STYLE = Automatic;
				INFOPLIST_FILE = "响应链/Info.plist";
				IPHONEOS_DEPLOYMENT_TARGET = 14.5;
				LD_RUNPATH_SEARCH_PATHS = (
					"$(inherited)",
					"@executable_path/Frameworks",
				);
				PRODUCT_BUNDLE_IDENTIFIER = "com.hdgame.xjvideoeditor.---";
				PRODUCT_NAME = "$(TARGET_NAME)";
				SDKROOT = iphoneos;
				TARGETED_DEVICE_FAMILY = "1,2";
			};
			name = Debug;
		};
		1AD1636926A155AC002634EE /* Release */ = {
			isa = XCBuildConfiguration;
			buildSettings = {
				ASSETCATALOG_COMPILER_APPICON_NAME = AppIcon;
				ASSETCATALOG_COMPILER_GLOBAL_ACCENT_COLOR_NAME = AccentColor;
				CODE_SIGN_STYLE = Automatic;
				INFOPLIST_FILE = "响应链/Info.plist";
				IPHONEOS_DEPLOYMENT_TARGET = 14.5;
				LD_RUNPATH_SEARCH_PATHS = (
					"$(inherited)",
					"@executable_path/Frameworks",
				);
				PRODUCT_BUNDLE_IDENTIFIER = "com.hdgame.xjvideoeditor.---";
				PRODUCT_NAME = "$(TARGET_NAME)";
				SDKROOT = iphoneos;
				TARGETED_DEVICE_FAMILY = "1,2";
				VALIDATE_PRODUCT = YES;
			};
			name = Release;
		};
		1AD1639126A164CD002634EE /* Debug */ = {
			isa = XCBuildConfiguration;
			buildSettings = {
				ASSETCATALOG_COMPILER_APPICON_NAME = AppIcon;
				ASSETCATALOG_COMPILER_GLOBAL_ACCENT_COLOR_NAME = AccentColor;
				CODE_SIGN_STYLE = Automatic;
				INFOPLIST_FILE = "界面布局测试/Info.plist";
				IPHONEOS_DEPLOYMENT_TARGET = 14.5;
				LD_RUNPATH_SEARCH_PATHS = (
					"$(inherited)",
					"@executable_path/Frameworks",
				);
				PRODUCT_BUNDLE_IDENTIFIER = "com.hdgame.xjvideoeditor.------";
				PRODUCT_NAME = "$(TARGET_NAME)";
				SDKROOT = iphoneos;
				TARGETED_DEVICE_FAMILY = "1,2";
			};
			name = Debug;
		};
		1AD1639226A164CD002634EE /* Release */ = {
			isa = XCBuildConfiguration;
			buildSettings = {
				ASSETCATALOG_COMPILER_APPICON_NAME = AppIcon;
				ASSETCATALOG_COMPILER_GLOBAL_ACCENT_COLOR_NAME = AccentColor;
				CODE_SIGN_STYLE = Automatic;
				INFOPLIST_FILE = "界面布局测试/Info.plist";
				IPHONEOS_DEPLOYMENT_TARGET = 14.5;
				LD_RUNPATH_SEARCH_PATHS = (
					"$(inherited)",
					"@executable_path/Frameworks",
				);
				PRODUCT_BUNDLE_IDENTIFIER = "com.hdgame.xjvideoeditor.------";
				PRODUCT_NAME = "$(TARGET_NAME)";
				SDKROOT = iphoneos;
				TARGETED_DEVICE_FAMILY = "1,2";
				VALIDATE_PRODUCT = YES;
			};
			name = Release;
		};
		1AD1639F26A1863A002634EE /* Debug */ = {
			isa = XCBuildConfiguration;
			buildSettings = {
				CODE_SIGN_STYLE = Automatic;
				PRODUCT_NAME = "$(TARGET_NAME)";
			};
			name = Debug;
		};
		1AD163A026A1863A002634EE /* Release */ = {
			isa = XCBuildConfiguration;
			buildSettings = {
				CODE_SIGN_STYLE = Automatic;
				PRODUCT_NAME = "$(TARGET_NAME)";
			};
			name = Release;
		};
		1AE15A5E269C21D0009EE04E /* Debug */ = {
			isa = XCBuildConfiguration;
			buildSettings = {
				ALWAYS_SEARCH_USER_PATHS = NO;
				CLANG_ANALYZER_NONNULL = YES;
				CLANG_ANALYZER_NUMBER_OBJECT_CONVERSION = YES_AGGRESSIVE;
				CLANG_CXX_LANGUAGE_STANDARD = "gnu++14";
				CLANG_CXX_LIBRARY = "libc++";
				CLANG_ENABLE_MODULES = YES;
				CLANG_ENABLE_OBJC_ARC = YES;
				CLANG_ENABLE_OBJC_WEAK = YES;
				CLANG_WARN_BLOCK_CAPTURE_AUTORELEASING = YES;
				CLANG_WARN_BOOL_CONVERSION = YES;
				CLANG_WARN_COMMA = YES;
				CLANG_WARN_CONSTANT_CONVERSION = YES;
				CLANG_WARN_DEPRECATED_OBJC_IMPLEMENTATIONS = YES;
				CLANG_WARN_DIRECT_OBJC_ISA_USAGE = YES_ERROR;
				CLANG_WARN_DOCUMENTATION_COMMENTS = YES;
				CLANG_WARN_EMPTY_BODY = YES;
				CLANG_WARN_ENUM_CONVERSION = YES;
				CLANG_WARN_INFINITE_RECURSION = YES;
				CLANG_WARN_INT_CONVERSION = YES;
				CLANG_WARN_NON_LITERAL_NULL_CONVERSION = YES;
				CLANG_WARN_OBJC_IMPLICIT_RETAIN_SELF = YES;
				CLANG_WARN_OBJC_LITERAL_CONVERSION = YES;
				CLANG_WARN_OBJC_ROOT_CLASS = YES_ERROR;
				CLANG_WARN_QUOTED_INCLUDE_IN_FRAMEWORK_HEADER = YES;
				CLANG_WARN_RANGE_LOOP_ANALYSIS = YES;
				CLANG_WARN_STRICT_PROTOTYPES = YES;
				CLANG_WARN_SUSPICIOUS_MOVE = YES;
				CLANG_WARN_UNGUARDED_AVAILABILITY = YES_AGGRESSIVE;
				CLANG_WARN_UNREACHABLE_CODE = YES;
				CLANG_WARN__DUPLICATE_METHOD_MATCH = YES;
				COPY_PHASE_STRIP = NO;
				DEBUG_INFORMATION_FORMAT = dwarf;
				ENABLE_STRICT_OBJC_MSGSEND = YES;
				ENABLE_TESTABILITY = YES;
				GCC_C_LANGUAGE_STANDARD = gnu11;
				GCC_DYNAMIC_NO_PIC = NO;
				GCC_NO_COMMON_BLOCKS = YES;
				GCC_OPTIMIZATION_LEVEL = 0;
				GCC_PREPROCESSOR_DEFINITIONS = (
					"DEBUG=1",
					"$(inherited)",
				);
				GCC_WARN_64_TO_32_BIT_CONVERSION = YES;
				GCC_WARN_ABOUT_RETURN_TYPE = YES_ERROR;
				GCC_WARN_UNDECLARED_SELECTOR = YES;
				GCC_WARN_UNINITIALIZED_AUTOS = YES_AGGRESSIVE;
				GCC_WARN_UNUSED_FUNCTION = YES;
				GCC_WARN_UNUSED_VARIABLE = YES;
				MACOSX_DEPLOYMENT_TARGET = 11.2;
				MTL_ENABLE_DEBUG_INFO = INCLUDE_SOURCE;
				MTL_FAST_MATH = YES;
				ONLY_ACTIVE_ARCH = YES;
				SDKROOT = macosx;
			};
			name = Debug;
		};
		1AE15A5F269C21D0009EE04E /* Release */ = {
			isa = XCBuildConfiguration;
			buildSettings = {
				ALWAYS_SEARCH_USER_PATHS = NO;
				CLANG_ANALYZER_NONNULL = YES;
				CLANG_ANALYZER_NUMBER_OBJECT_CONVERSION = YES_AGGRESSIVE;
				CLANG_CXX_LANGUAGE_STANDARD = "gnu++14";
				CLANG_CXX_LIBRARY = "libc++";
				CLANG_ENABLE_MODULES = YES;
				CLANG_ENABLE_OBJC_ARC = YES;
				CLANG_ENABLE_OBJC_WEAK = YES;
				CLANG_WARN_BLOCK_CAPTURE_AUTORELEASING = YES;
				CLANG_WARN_BOOL_CONVERSION = YES;
				CLANG_WARN_COMMA = YES;
				CLANG_WARN_CONSTANT_CONVERSION = YES;
				CLANG_WARN_DEPRECATED_OBJC_IMPLEMENTATIONS = YES;
				CLANG_WARN_DIRECT_OBJC_ISA_USAGE = YES_ERROR;
				CLANG_WARN_DOCUMENTATION_COMMENTS = YES;
				CLANG_WARN_EMPTY_BODY = YES;
				CLANG_WARN_ENUM_CONVERSION = YES;
				CLANG_WARN_INFINITE_RECURSION = YES;
				CLANG_WARN_INT_CONVERSION = YES;
				CLANG_WARN_NON_LITERAL_NULL_CONVERSION = YES;
				CLANG_WARN_OBJC_IMPLICIT_RETAIN_SELF = YES;
				CLANG_WARN_OBJC_LITERAL_CONVERSION = YES;
				CLANG_WARN_OBJC_ROOT_CLASS = YES_ERROR;
				CLANG_WARN_QUOTED_INCLUDE_IN_FRAMEWORK_HEADER = YES;
				CLANG_WARN_RANGE_LOOP_ANALYSIS = YES;
				CLANG_WARN_STRICT_PROTOTYPES = YES;
				CLANG_WARN_SUSPICIOUS_MOVE = YES;
				CLANG_WARN_UNGUARDED_AVAILABILITY = YES_AGGRESSIVE;
				CLANG_WARN_UNREACHABLE_CODE = YES;
				CLANG_WARN__DUPLICATE_METHOD_MATCH = YES;
				COPY_PHASE_STRIP = NO;
				DEBUG_INFORMATION_FORMAT = "dwarf-with-dsym";
				ENABLE_NS_ASSERTIONS = NO;
				ENABLE_STRICT_OBJC_MSGSEND = YES;
				GCC_C_LANGUAGE_STANDARD = gnu11;
				GCC_NO_COMMON_BLOCKS = YES;
				GCC_WARN_64_TO_32_BIT_CONVERSION = YES;
				GCC_WARN_ABOUT_RETURN_TYPE = YES_ERROR;
				GCC_WARN_UNDECLARED_SELECTOR = YES;
				GCC_WARN_UNINITIALIZED_AUTOS = YES_AGGRESSIVE;
				GCC_WARN_UNUSED_FUNCTION = YES;
				GCC_WARN_UNUSED_VARIABLE = YES;
				MACOSX_DEPLOYMENT_TARGET = 11.2;
				MTL_ENABLE_DEBUG_INFO = NO;
				MTL_FAST_MATH = YES;
				SDKROOT = macosx;
			};
			name = Release;
		};
		1AE15A61269C21D0009EE04E /* Debug */ = {
			isa = XCBuildConfiguration;
			buildSettings = {
				CODE_SIGN_STYLE = Automatic;
				PRODUCT_NAME = "$(TARGET_NAME)";
			};
			name = Debug;
		};
		1AE15A62269C21D0009EE04E /* Release */ = {
			isa = XCBuildConfiguration;
			buildSettings = {
				CODE_SIGN_STYLE = Automatic;
				PRODUCT_NAME = "$(TARGET_NAME)";
			};
			name = Release;
		};
/* End XCBuildConfiguration section */

/* Begin XCConfigurationList section */
		1A551456269C240F002BD69B /* Build configuration list for PBXNativeTarget "GCDTest" */ = {
			isa = XCConfigurationList;
			buildConfigurations = (
				1A551450269C240F002BD69B /* Debug */,
				1A551451269C240F002BD69B /* Release */,
			);
			defaultConfigurationIsVisible = 0;
			defaultConfigurationName = Release;
		};
		1A551485269D2599002BD69B /* Build configuration list for PBXNativeTarget "运行时测试" */ = {
			isa = XCConfigurationList;
			buildConfigurations = (
				1A551486269D2599002BD69B /* Debug */,
				1A551487269D2599002BD69B /* Release */,
			);
			defaultConfigurationIsVisible = 0;
			defaultConfigurationName = Release;
		};
		1A5514A9269D6CAF002BD69B /* Build configuration list for PBXNativeTarget "多线程保活" */ = {
			isa = XCConfigurationList;
			buildConfigurations = (
				1A5514AA269D6CAF002BD69B /* Debug */,
				1A5514AB269D6CAF002BD69B /* Release */,
			);
			defaultConfigurationIsVisible = 0;
			defaultConfigurationName = Release;
		};
		1A5514B9269E732D002BD69B /* Build configuration list for PBXNativeTarget "LoadPerson" */ = {
			isa = XCConfigurationList;
			buildConfigurations = (
				1A5514BA269E732D002BD69B /* Debug */,
				1A5514BB269E732D002BD69B /* Release */,
			);
			defaultConfigurationIsVisible = 0;
			defaultConfigurationName = Release;
		};
		1A5514D9269E9212002BD69B /* Build configuration list for PBXNativeTarget "弱引用测试" */ = {
			isa = XCConfigurationList;
			buildConfigurations = (
				1A5514DA269E9212002BD69B /* Debug */,
				1A5514DB269E9212002BD69B /* Release */,
			);
			defaultConfigurationIsVisible = 0;
			defaultConfigurationName = Release;
		};
		1AD1630C26A01F7E002634EE /* Build configuration list for PBXNativeTarget "死锁测试" */ = {
			isa = XCConfigurationList;
			buildConfigurations = (
				1AD1630A26A01F7E002634EE /* Debug */,
				1AD1630B26A01F7E002634EE /* Release */,
			);
			defaultConfigurationIsVisible = 0;
			defaultConfigurationName = Release;
		};
		1AD1631726A1275D002634EE /* Build configuration list for PBXNativeTarget "NSOpreatequeue测试" */ = {
			isa = XCConfigurationList;
			buildConfigurations = (
				1AD1631526A1275D002634EE /* Debug */,
				1AD1631626A1275D002634EE /* Release */,
			);
			defaultConfigurationIsVisible = 0;
			defaultConfigurationName = Release;
		};
		1AD1634A26A129F0002634EE /* Build configuration list for PBXNativeTarget "三种计时器" */ = {
			isa = XCConfigurationList;
			buildConfigurations = (
				1AD1634B26A129F0002634EE /* Debug */,
				1AD1634C26A129F0002634EE /* Release */,
			);
			defaultConfigurationIsVisible = 0;
			defaultConfigurationName = Release;
		};
		1AD1636726A155AC002634EE /* Build configuration list for PBXNativeTarget "响应链" */ = {
			isa = XCConfigurationList;
			buildConfigurations = (
				1AD1636826A155AC002634EE /* Debug */,
				1AD1636926A155AC002634EE /* Release */,
			);
			defaultConfigurationIsVisible = 0;
			defaultConfigurationName = Release;
		};
		1AD1639026A164CD002634EE /* Build configuration list for PBXNativeTarget "界面布局测试" */ = {
			isa = XCConfigurationList;
			buildConfigurations = (
				1AD1639126A164CD002634EE /* Debug */,
				1AD1639226A164CD002634EE /* Release */,
			);
			defaultConfigurationIsVisible = 0;
			defaultConfigurationName = Release;
		};
		1AD1639E26A1863A002634EE /* Build configuration list for PBXNativeTarget "多继承测试" */ = {
			isa = XCConfigurationList;
			buildConfigurations = (
				1AD1639F26A1863A002634EE /* Debug */,
				1AD163A026A1863A002634EE /* Release */,
			);
			defaultConfigurationIsVisible = 0;
			defaultConfigurationName = Release;
		};
		1AE15A54269C21D0009EE04E /* Build configuration list for PBXProject "面试测试" */ = {
			isa = XCConfigurationList;
			buildConfigurations = (
				1AE15A5E269C21D0009EE04E /* Debug */,
				1AE15A5F269C21D0009EE04E /* Release */,
			);
			defaultConfigurationIsVisible = 0;
			defaultConfigurationName = Release;
		};
		1AE15A60269C21D0009EE04E /* Build configuration list for PBXNativeTarget "面试测试" */ = {
			isa = XCConfigurationList;
			buildConfigurations = (
				1AE15A61269C21D0009EE04E /* Debug */,
				1AE15A62269C21D0009EE04E /* Release */,
			);
			defaultConfigurationIsVisible = 0;
			defaultConfigurationName = Release;
		};
/* End XCConfigurationList section */
	};
	rootObject = 1AE15A51269C21D0009EE04E /* Project object */;
}
